// !$*UTF8*$!
{
	archiveVersion = 1;
	classes = {
	};
	objectVersion = 56;
	objects = {

/* Begin PBXBuildFile section */
		5C7C959C2B64614500E40589 /* AppDelegate.swift in Sources */ = {isa = PBXBuildFile; fileRef = 5C7C959B2B64614500E40589 /* AppDelegate.swift */; };
		5C7C95A52B64614500E40589 /* Assets.xcassets in Resources */ = {isa = PBXBuildFile; fileRef = 5C7C95A42B64614500E40589 /* Assets.xcassets */; };
		5C7C95A82B64614500E40589 /* LaunchScreen.storyboard in Resources */ = {isa = PBXBuildFile; fileRef = 5C7C95A62B64614500E40589 /* LaunchScreen.storyboard */; };
		5C7C95B32B64614500E40589 /* ITuneSearchTests.swift in Sources */ = {isa = PBXBuildFile; fileRef = 5C7C95B22B64614500E40589 /* ITuneSearchTests.swift */; };
		5C7C95BD2B64614500E40589 /* ITuneSearchUITests.swift in Sources */ = {isa = PBXBuildFile; fileRef = 5C7C95BC2B64614500E40589 /* ITuneSearchUITests.swift */; };
		5C7C95BF2B64614500E40589 /* ITuneSearchUITestsLaunchTests.swift in Sources */ = {isa = PBXBuildFile; fileRef = 5C7C95BE2B64614500E40589 /* ITuneSearchUITestsLaunchTests.swift */; };
		5C7C95CD2B64626900E40589 /* AppDelegate+Notifications.swift in Sources */ = {isa = PBXBuildFile; fileRef = 5C7C95CC2B64626900E40589 /* AppDelegate+Notifications.swift */; };
		5C7C95CF2B64627F00E40589 /* AppDelegate+Url.swift in Sources */ = {isa = PBXBuildFile; fileRef = 5C7C95CE2B64627F00E40589 /* AppDelegate+Url.swift */; };
		5C7C95D12B64628C00E40589 /* AppDelegate+ATT.swift in Sources */ = {isa = PBXBuildFile; fileRef = 5C7C95D02B64628C00E40589 /* AppDelegate+ATT.swift */; };
		5C7C95D32B64629A00E40589 /* AppRouter.swift in Sources */ = {isa = PBXBuildFile; fileRef = 5C7C95D22B64629A00E40589 /* AppRouter.swift */; };
		5C7C95D92B6463BD00E40589 /* SplashBuilder.swift in Sources */ = {isa = PBXBuildFile; fileRef = 5C7C95D82B6463BD00E40589 /* SplashBuilder.swift */; };
		5C7C95DB2B6463CC00E40589 /* SplashContractor.swift in Sources */ = {isa = PBXBuildFile; fileRef = 5C7C95DA2B6463CC00E40589 /* SplashContractor.swift */; };
		5C7C95DD2B6463D800E40589 /* SplashRouter.swift in Sources */ = {isa = PBXBuildFile; fileRef = 5C7C95DC2B6463D800E40589 /* SplashRouter.swift */; };
		5C7C95DF2B6463E600E40589 /* SplashPresenter.swift in Sources */ = {isa = PBXBuildFile; fileRef = 5C7C95DE2B6463E600E40589 /* SplashPresenter.swift */; };
		5C7C95E12B6463F300E40589 /* SplashInteractor.swift in Sources */ = {isa = PBXBuildFile; fileRef = 5C7C95E02B6463F300E40589 /* SplashInteractor.swift */; };
		5C7C95E42B64641200E40589 /* SplashViewController.swift in Sources */ = {isa = PBXBuildFile; fileRef = 5C7C95E22B64641200E40589 /* SplashViewController.swift */; };
		5C7C95E52B64641200E40589 /* SplashViewController.xib in Resources */ = {isa = PBXBuildFile; fileRef = 5C7C95E32B64641200E40589 /* SplashViewController.xib */; };
		5C7C962D2B64688900E40589 /* ITSNetwork.framework in Frameworks */ = {isa = PBXBuildFile; fileRef = 5C7C96252B64688900E40589 /* ITSNetwork.framework */; };
		5C7C96342B64688900E40589 /* ITSNetworkTests.swift in Sources */ = {isa = PBXBuildFile; fileRef = 5C7C96332B64688900E40589 /* ITSNetworkTests.swift */; };
		5C7C96352B64688900E40589 /* ITSNetwork.h in Headers */ = {isa = PBXBuildFile; fileRef = 5C7C96272B64688900E40589 /* ITSNetwork.h */; settings = {ATTRIBUTES = (Public, ); }; };
		5C7C96382B64688900E40589 /* ITSNetwork.framework in Frameworks */ = {isa = PBXBuildFile; fileRef = 5C7C96252B64688900E40589 /* ITSNetwork.framework */; };
		5C7C96392B64688900E40589 /* ITSNetwork.framework in Embed Frameworks */ = {isa = PBXBuildFile; fileRef = 5C7C96252B64688900E40589 /* ITSNetwork.framework */; settings = {ATTRIBUTES = (CodeSignOnCopy, RemoveHeadersOnCopy, ); }; };
		5C7C96442B6469BE00E40589 /* ITSNetworkEndpointGroup.swift in Sources */ = {isa = PBXBuildFile; fileRef = 5C7C96432B6469BE00E40589 /* ITSNetworkEndpointGroup.swift */; };
		5C7C96462B6469DF00E40589 /* ITSNetworkServiceProtocol.swift in Sources */ = {isa = PBXBuildFile; fileRef = 5C7C96452B6469DF00E40589 /* ITSNetworkServiceProtocol.swift */; };
		5C7C96492B646B1100E40589 /* Moya in Frameworks */ = {isa = PBXBuildFile; productRef = 5C7C96482B646B1100E40589 /* Moya */; };
		5C7C964B2B646EF100E40589 /* ITSNetworkService.swift in Sources */ = {isa = PBXBuildFile; fileRef = 5C7C964A2B646EF100E40589 /* ITSNetworkService.swift */; };
		5C7C96502B64710400E40589 /* Reachability in Frameworks */ = {isa = PBXBuildFile; productRef = 5C7C964F2B64710400E40589 /* Reachability */; };
		5C7C96522B64712400E40589 /* ITSReachabilityListenerProtocol.swift in Sources */ = {isa = PBXBuildFile; fileRef = 5C7C96512B64712400E40589 /* ITSReachabilityListenerProtocol.swift */; };
		5C7C96542B64714600E40589 /* ITSReachabilityListener.swift in Sources */ = {isa = PBXBuildFile; fileRef = 5C7C96532B64714600E40589 /* ITSReachabilityListener.swift */; };
		5C7C96572B6471F000E40589 /* SearchResponseModel.swift in Sources */ = {isa = PBXBuildFile; fileRef = 5C7C96562B6471F000E40589 /* SearchResponseModel.swift */; };
		5C7C965A2B647A9900E40589 /* ITSDependencyContainer.swift in Sources */ = {isa = PBXBuildFile; fileRef = 5C7C96592B647A9900E40589 /* ITSDependencyContainer.swift */; };
		5C7C965D2B647B4200E40589 /* Swinject in Frameworks */ = {isa = PBXBuildFile; productRef = 5C7C965C2B647B4200E40589 /* Swinject */; };
		5C7C96752B650BDD00E40589 /* ITSUtils.framework in Frameworks */ = {isa = PBXBuildFile; fileRef = 5C7C966D2B650BDD00E40589 /* ITSUtils.framework */; };
		5C7C967C2B650BDD00E40589 /* ITSUtilsTests.swift in Sources */ = {isa = PBXBuildFile; fileRef = 5C7C967B2B650BDD00E40589 /* ITSUtilsTests.swift */; };
		5C7C967D2B650BDD00E40589 /* ITSUtils.h in Headers */ = {isa = PBXBuildFile; fileRef = 5C7C966F2B650BDD00E40589 /* ITSUtils.h */; settings = {ATTRIBUTES = (Public, ); }; };
		5C7C96802B650BDD00E40589 /* ITSUtils.framework in Frameworks */ = {isa = PBXBuildFile; fileRef = 5C7C966D2B650BDD00E40589 /* ITSUtils.framework */; };
		5C7C96812B650BDD00E40589 /* ITSUtils.framework in Embed Frameworks */ = {isa = PBXBuildFile; fileRef = 5C7C966D2B650BDD00E40589 /* ITSUtils.framework */; settings = {ATTRIBUTES = (CodeSignOnCopy, RemoveHeadersOnCopy, ); }; };
		5C7C968A2B650C4800E40589 /* ITSImageServiceProtocol.swift in Sources */ = {isa = PBXBuildFile; fileRef = 5C7C96892B650C4800E40589 /* ITSImageServiceProtocol.swift */; };
		5C7C968C2B650C8400E40589 /* ITSImageService.swift in Sources */ = {isa = PBXBuildFile; fileRef = 5C7C968B2B650C8400E40589 /* ITSImageService.swift */; };
		5C7C968F2B650CF200E40589 /* ITSImageStorageProtocol.swift in Sources */ = {isa = PBXBuildFile; fileRef = 5C7C968E2B650CF200E40589 /* ITSImageStorageProtocol.swift */; };
		5C7C96912B650D3700E40589 /* ITSImageStorageURLCache.swift in Sources */ = {isa = PBXBuildFile; fileRef = 5C7C96902B650D3700E40589 /* ITSImageStorageURLCache.swift */; };
		5C7C96942B65105F00E40589 /* UICollectionView+Ext.swift in Sources */ = {isa = PBXBuildFile; fileRef = 5C7C96932B65105F00E40589 /* UICollectionView+Ext.swift */; };
		5C7C96962B6511C500E40589 /* NSObject+Ext.swift in Sources */ = {isa = PBXBuildFile; fileRef = 5C7C96952B6511C500E40589 /* NSObject+Ext.swift */; };
		5C7C96982B65122F00E40589 /* DateFormatter+Ext.swift in Sources */ = {isa = PBXBuildFile; fileRef = 5C7C96972B65122F00E40589 /* DateFormatter+Ext.swift */; };
		5C7C969A2B65130F00E40589 /* Array+Ext.swift in Sources */ = {isa = PBXBuildFile; fileRef = 5C7C96992B65130F00E40589 /* Array+Ext.swift */; };
		5C7C969C2B65140200E40589 /* Int+Ext.swift in Sources */ = {isa = PBXBuildFile; fileRef = 5C7C969B2B65140200E40589 /* Int+Ext.swift */; };
		5C7C969E2B65143900E40589 /* String+Ext.swift in Sources */ = {isa = PBXBuildFile; fileRef = 5C7C969D2B65143900E40589 /* String+Ext.swift */; };
		5C7C96A02B65199E00E40589 /* UINavigationController+Ext.swift in Sources */ = {isa = PBXBuildFile; fileRef = 5C7C969F2B65199E00E40589 /* UINavigationController+Ext.swift */; };
		5C7C96A32B651B2A00E40589 /* ITSLocalization.swift in Sources */ = {isa = PBXBuildFile; fileRef = 5C7C96A22B651B2A00E40589 /* ITSLocalization.swift */; };
		5C7C96A82B651C8800E40589 /* Localizable.strings in Resources */ = {isa = PBXBuildFile; fileRef = 5C7C96AA2B651C8800E40589 /* Localizable.strings */; };
		5C7C96BF2B6521CF00E40589 /* ITSJailbreakProtocol.swift in Sources */ = {isa = PBXBuildFile; fileRef = 5C7C96BE2B6521CF00E40589 /* ITSJailbreakProtocol.swift */; };
		5C7C96C12B65221400E40589 /* ITSJailbreak.swift in Sources */ = {isa = PBXBuildFile; fileRef = 5C7C96C02B65221400E40589 /* ITSJailbreak.swift */; };
		5C7C96C52B65249000E40589 /* RootBuilder.swift in Sources */ = {isa = PBXBuildFile; fileRef = 5C7C96C42B65249000E40589 /* RootBuilder.swift */; };
		5C7C96C72B65249800E40589 /* RootContractor.swift in Sources */ = {isa = PBXBuildFile; fileRef = 5C7C96C62B65249800E40589 /* RootContractor.swift */; };
		5C7C96C92B65249F00E40589 /* RootRouter.swift in Sources */ = {isa = PBXBuildFile; fileRef = 5C7C96C82B65249F00E40589 /* RootRouter.swift */; };
		5C7C96CB2B6524A600E40589 /* RootPresenter.swift in Sources */ = {isa = PBXBuildFile; fileRef = 5C7C96CA2B6524A600E40589 /* RootPresenter.swift */; };
		5C7C96CD2B6524B000E40589 /* RootInteractor.swift in Sources */ = {isa = PBXBuildFile; fileRef = 5C7C96CC2B6524B000E40589 /* RootInteractor.swift */; };
		5C7C96D02B6524BB00E40589 /* RootViewController.swift in Sources */ = {isa = PBXBuildFile; fileRef = 5C7C96CE2B6524BB00E40589 /* RootViewController.swift */; };
		5C7C96D12B6524BB00E40589 /* RootViewController.xib in Resources */ = {isa = PBXBuildFile; fileRef = 5C7C96CF2B6524BB00E40589 /* RootViewController.xib */; };
		5C7C96D42B65298300E40589 /* TabBarItem.swift in Sources */ = {isa = PBXBuildFile; fileRef = 5C7C96D32B65298300E40589 /* TabBarItem.swift */; };
		5C7C96D82B6534A100E40589 /* CustomTabBar.swift in Sources */ = {isa = PBXBuildFile; fileRef = 5C7C96D72B6534A100E40589 /* CustomTabBar.swift */; };
		5C7C96F02B6556AE00E40589 /* SearchMainBuilder.swift in Sources */ = {isa = PBXBuildFile; fileRef = 5C7C96EF2B6556AE00E40589 /* SearchMainBuilder.swift */; };
		5C7C96F32B6556D200E40589 /* SearchMainContractor.swift in Sources */ = {isa = PBXBuildFile; fileRef = 5C7C96F22B6556D200E40589 /* SearchMainContractor.swift */; };
		5C7C96F52B6556D900E40589 /* SearchMainRouter.swift in Sources */ = {isa = PBXBuildFile; fileRef = 5C7C96F42B6556D900E40589 /* SearchMainRouter.swift */; };
		5C7C96F72B6556E100E40589 /* SearchMainPresenter.swift in Sources */ = {isa = PBXBuildFile; fileRef = 5C7C96F62B6556E100E40589 /* SearchMainPresenter.swift */; };
		5C7C96F92B6556EE00E40589 /* SearchMainInteractor.swift in Sources */ = {isa = PBXBuildFile; fileRef = 5C7C96F82B6556EE00E40589 /* SearchMainInteractor.swift */; };
		5C7C96FC2B6556F700E40589 /* SearchMainViewController.swift in Sources */ = {isa = PBXBuildFile; fileRef = 5C7C96FA2B6556F700E40589 /* SearchMainViewController.swift */; };
		5C7C96FD2B6556F700E40589 /* SearchMainViewController.xib in Resources */ = {isa = PBXBuildFile; fileRef = 5C7C96FB2B6556F700E40589 /* SearchMainViewController.xib */; };
		5C7C97002B65571100E40589 /* SearchListBuilder.swift in Sources */ = {isa = PBXBuildFile; fileRef = 5C7C96FF2B65571100E40589 /* SearchListBuilder.swift */; };
		5C7C97022B65571900E40589 /* SearchListContractor.swift in Sources */ = {isa = PBXBuildFile; fileRef = 5C7C97012B65571900E40589 /* SearchListContractor.swift */; };
		5C7C97042B65572000E40589 /* SearchListRouter.swift in Sources */ = {isa = PBXBuildFile; fileRef = 5C7C97032B65572000E40589 /* SearchListRouter.swift */; };
		5C7C97062B65572700E40589 /* SearchListPresenter.swift in Sources */ = {isa = PBXBuildFile; fileRef = 5C7C97052B65572700E40589 /* SearchListPresenter.swift */; };
		5C7C97082B65572F00E40589 /* SearchListInteractor.swift in Sources */ = {isa = PBXBuildFile; fileRef = 5C7C97072B65572F00E40589 /* SearchListInteractor.swift */; };
		5C7C970B2B65573900E40589 /* SearchListViewController.swift in Sources */ = {isa = PBXBuildFile; fileRef = 5C7C97092B65573900E40589 /* SearchListViewController.swift */; };
		5C7C970C2B65573900E40589 /* SearchListViewController.xib in Resources */ = {isa = PBXBuildFile; fileRef = 5C7C970A2B65573900E40589 /* SearchListViewController.xib */; };
		5C7C970F2B655AD700E40589 /* Parchment in Frameworks */ = {isa = PBXBuildFile; productRef = 5C7C970E2B655AD700E40589 /* Parchment */; };
		5C7C97122B655BE500E40589 /* PaginationView.swift in Sources */ = {isa = PBXBuildFile; fileRef = 5C7C97112B655BE500E40589 /* PaginationView.swift */; };
		5C7C97152B655C5400E40589 /* PaginationModel.swift in Sources */ = {isa = PBXBuildFile; fileRef = 5C7C97142B655C5400E40589 /* PaginationModel.swift */; };
		5C7C97172B655E0B00E40589 /* UIView+Ext.swift in Sources */ = {isa = PBXBuildFile; fileRef = 5C7C97162B655E0B00E40589 /* UIView+Ext.swift */; };
		5C7C971C2B6572D100E40589 /* ListCollectionViewCell.swift in Sources */ = {isa = PBXBuildFile; fileRef = 5C7C971A2B6572D100E40589 /* ListCollectionViewCell.swift */; };
		5C7C971D2B6572D100E40589 /* ListCollectionViewCell.xib in Resources */ = {isa = PBXBuildFile; fileRef = 5C7C971B2B6572D100E40589 /* ListCollectionViewCell.xib */; };
		5C7C971F2B6576A300E40589 /* SearchListCollectionViewAdapter.swift in Sources */ = {isa = PBXBuildFile; fileRef = 5C7C971E2B6576A300E40589 /* SearchListCollectionViewAdapter.swift */; };
		5C7C97222B65772500E40589 /* BaseViewController.swift in Sources */ = {isa = PBXBuildFile; fileRef = 5C7C97212B65772500E40589 /* BaseViewController.swift */; };
		5C7C97242B65775F00E40589 /* BaseContractor.swift in Sources */ = {isa = PBXBuildFile; fileRef = 5C7C97232B65775F00E40589 /* BaseContractor.swift */; };
		5C7C97292B657D6000E40589 /* CustomNavigationBar.swift in Sources */ = {isa = PBXBuildFile; fileRef = 5C7C97272B657D6000E40589 /* CustomNavigationBar.swift */; };
		5C7C972A2B657D6000E40589 /* CustomNavigationBar.xib in Resources */ = {isa = PBXBuildFile; fileRef = 5C7C97282B657D6000E40589 /* CustomNavigationBar.xib */; };
		5C7C972C2B657E1300E40589 /* NavigationBarProtocol.swift in Sources */ = {isa = PBXBuildFile; fileRef = 5C7C972B2B657E1300E40589 /* NavigationBarProtocol.swift */; };
		5C7C972E2B657E7B00E40589 /* Bundle+Ext.swift in Sources */ = {isa = PBXBuildFile; fileRef = 5C7C972D2B657E7B00E40589 /* Bundle+Ext.swift */; };
		5C7C97302B657F3000E40589 /* UIViewController+Ext.swift in Sources */ = {isa = PBXBuildFile; fileRef = 5C7C972F2B657F3000E40589 /* UIViewController+Ext.swift */; };
		5C7C97642B65D28900E40589 /* Roboto-LightItalic.ttf in Resources */ = {isa = PBXBuildFile; fileRef = 5C7C97572B65D28900E40589 /* Roboto-LightItalic.ttf */; };
		5C7C97652B65D28900E40589 /* Roboto-Italic.ttf in Resources */ = {isa = PBXBuildFile; fileRef = 5C7C97582B65D28900E40589 /* Roboto-Italic.ttf */; };
		5C7C97662B65D28900E40589 /* Roboto-BoldItalic.ttf in Resources */ = {isa = PBXBuildFile; fileRef = 5C7C97592B65D28900E40589 /* Roboto-BoldItalic.ttf */; };
		5C7C97672B65D28900E40589 /* Roboto-ThinItalic.ttf in Resources */ = {isa = PBXBuildFile; fileRef = 5C7C975A2B65D28900E40589 /* Roboto-ThinItalic.ttf */; };
		5C7C97682B65D28900E40589 /* Roboto-Medium.ttf in Resources */ = {isa = PBXBuildFile; fileRef = 5C7C975B2B65D28900E40589 /* Roboto-Medium.ttf */; };
		5C7C97692B65D28900E40589 /* Roboto-Light.ttf in Resources */ = {isa = PBXBuildFile; fileRef = 5C7C975C2B65D28900E40589 /* Roboto-Light.ttf */; };
		5C7C976A2B65D28900E40589 /* Roboto-Bold.ttf in Resources */ = {isa = PBXBuildFile; fileRef = 5C7C975D2B65D28900E40589 /* Roboto-Bold.ttf */; };
		5C7C976B2B65D28900E40589 /* Roboto-Regular.ttf in Resources */ = {isa = PBXBuildFile; fileRef = 5C7C975E2B65D28900E40589 /* Roboto-Regular.ttf */; };
		5C7C976C2B65D28900E40589 /* Roboto-BlackItalic.ttf in Resources */ = {isa = PBXBuildFile; fileRef = 5C7C975F2B65D28900E40589 /* Roboto-BlackItalic.ttf */; };
		5C7C976D2B65D28900E40589 /* Roboto-Thin.ttf in Resources */ = {isa = PBXBuildFile; fileRef = 5C7C97602B65D28900E40589 /* Roboto-Thin.ttf */; };
		5C7C976E2B65D28900E40589 /* LICENSE.txt in Resources */ = {isa = PBXBuildFile; fileRef = 5C7C97612B65D28900E40589 /* LICENSE.txt */; };
		5C7C976F2B65D28900E40589 /* Roboto-MediumItalic.ttf in Resources */ = {isa = PBXBuildFile; fileRef = 5C7C97622B65D28900E40589 /* Roboto-MediumItalic.ttf */; };
		5C7C97702B65D28900E40589 /* Roboto-Black.ttf in Resources */ = {isa = PBXBuildFile; fileRef = 5C7C97632B65D28900E40589 /* Roboto-Black.ttf */; };
		5C7C97722B65D29100E40589 /* Fonts.swift in Sources */ = {isa = PBXBuildFile; fileRef = 5C7C97712B65D29100E40589 /* Fonts.swift */; };
		5C7C97742B65D29A00E40589 /* Colours.swift in Sources */ = {isa = PBXBuildFile; fileRef = 5C7C97732B65D29A00E40589 /* Colours.swift */; };
/* End PBXBuildFile section */

/* Begin PBXContainerItemProxy section */
		5C7C95AF2B64614500E40589 /* PBXContainerItemProxy */ = {
			isa = PBXContainerItemProxy;
			containerPortal = 5C7C95902B64614500E40589 /* Project object */;
			proxyType = 1;
			remoteGlobalIDString = 5C7C95972B64614500E40589;
			remoteInfo = ITuneSearch;
		};
		5C7C95B92B64614500E40589 /* PBXContainerItemProxy */ = {
			isa = PBXContainerItemProxy;
			containerPortal = 5C7C95902B64614500E40589 /* Project object */;
			proxyType = 1;
			remoteGlobalIDString = 5C7C95972B64614500E40589;
			remoteInfo = ITuneSearch;
		};
		5C7C962E2B64688900E40589 /* PBXContainerItemProxy */ = {
			isa = PBXContainerItemProxy;
			containerPortal = 5C7C95902B64614500E40589 /* Project object */;
			proxyType = 1;
			remoteGlobalIDString = 5C7C96242B64688900E40589;
			remoteInfo = ITSNetwork;
		};
		5C7C96302B64688900E40589 /* PBXContainerItemProxy */ = {
			isa = PBXContainerItemProxy;
			containerPortal = 5C7C95902B64614500E40589 /* Project object */;
			proxyType = 1;
			remoteGlobalIDString = 5C7C95972B64614500E40589;
			remoteInfo = ITuneSearch;
		};
		5C7C96362B64688900E40589 /* PBXContainerItemProxy */ = {
			isa = PBXContainerItemProxy;
			containerPortal = 5C7C95902B64614500E40589 /* Project object */;
			proxyType = 1;
			remoteGlobalIDString = 5C7C96242B64688900E40589;
			remoteInfo = ITSNetwork;
		};
		5C7C96762B650BDD00E40589 /* PBXContainerItemProxy */ = {
			isa = PBXContainerItemProxy;
			containerPortal = 5C7C95902B64614500E40589 /* Project object */;
			proxyType = 1;
			remoteGlobalIDString = 5C7C966C2B650BDD00E40589;
			remoteInfo = ITSUtils;
		};
		5C7C96782B650BDD00E40589 /* PBXContainerItemProxy */ = {
			isa = PBXContainerItemProxy;
			containerPortal = 5C7C95902B64614500E40589 /* Project object */;
			proxyType = 1;
			remoteGlobalIDString = 5C7C95972B64614500E40589;
			remoteInfo = ITuneSearch;
		};
		5C7C967E2B650BDD00E40589 /* PBXContainerItemProxy */ = {
			isa = PBXContainerItemProxy;
			containerPortal = 5C7C95902B64614500E40589 /* Project object */;
			proxyType = 1;
			remoteGlobalIDString = 5C7C966C2B650BDD00E40589;
			remoteInfo = ITSUtils;
		};
/* End PBXContainerItemProxy section */

/* Begin PBXCopyFilesBuildPhase section */
		5C7C963A2B64688900E40589 /* Embed Frameworks */ = {
			isa = PBXCopyFilesBuildPhase;
			buildActionMask = 2147483647;
			dstPath = "";
			dstSubfolderSpec = 10;
			files = (
				5C7C96392B64688900E40589 /* ITSNetwork.framework in Embed Frameworks */,
				5C7C96812B650BDD00E40589 /* ITSUtils.framework in Embed Frameworks */,
			);
			name = "Embed Frameworks";
			runOnlyForDeploymentPostprocessing = 0;
		};
/* End PBXCopyFilesBuildPhase section */

/* Begin PBXFileReference section */
		5C7C95982B64614500E40589 /* ITuneSearch.app */ = {isa = PBXFileReference; explicitFileType = wrapper.application; includeInIndex = 0; path = ITuneSearch.app; sourceTree = BUILT_PRODUCTS_DIR; };
		5C7C959B2B64614500E40589 /* AppDelegate.swift */ = {isa = PBXFileReference; lastKnownFileType = sourcecode.swift; path = AppDelegate.swift; sourceTree = "<group>"; };
		5C7C95A42B64614500E40589 /* Assets.xcassets */ = {isa = PBXFileReference; lastKnownFileType = folder.assetcatalog; path = Assets.xcassets; sourceTree = "<group>"; };
		5C7C95A72B64614500E40589 /* Base */ = {isa = PBXFileReference; lastKnownFileType = file.storyboard; name = Base; path = Base.lproj/LaunchScreen.storyboard; sourceTree = "<group>"; };
		5C7C95A92B64614500E40589 /* Info.plist */ = {isa = PBXFileReference; lastKnownFileType = text.plist.xml; path = Info.plist; sourceTree = "<group>"; };
		5C7C95AE2B64614500E40589 /* ITuneSearchTests.xctest */ = {isa = PBXFileReference; explicitFileType = wrapper.cfbundle; includeInIndex = 0; path = ITuneSearchTests.xctest; sourceTree = BUILT_PRODUCTS_DIR; };
		5C7C95B22B64614500E40589 /* ITuneSearchTests.swift */ = {isa = PBXFileReference; lastKnownFileType = sourcecode.swift; path = ITuneSearchTests.swift; sourceTree = "<group>"; };
		5C7C95B82B64614500E40589 /* ITuneSearchUITests.xctest */ = {isa = PBXFileReference; explicitFileType = wrapper.cfbundle; includeInIndex = 0; path = ITuneSearchUITests.xctest; sourceTree = BUILT_PRODUCTS_DIR; };
		5C7C95BC2B64614500E40589 /* ITuneSearchUITests.swift */ = {isa = PBXFileReference; lastKnownFileType = sourcecode.swift; path = ITuneSearchUITests.swift; sourceTree = "<group>"; };
		5C7C95BE2B64614500E40589 /* ITuneSearchUITestsLaunchTests.swift */ = {isa = PBXFileReference; lastKnownFileType = sourcecode.swift; path = ITuneSearchUITestsLaunchTests.swift; sourceTree = "<group>"; };
		5C7C95CC2B64626900E40589 /* AppDelegate+Notifications.swift */ = {isa = PBXFileReference; lastKnownFileType = sourcecode.swift; path = "AppDelegate+Notifications.swift"; sourceTree = "<group>"; };
		5C7C95CE2B64627F00E40589 /* AppDelegate+Url.swift */ = {isa = PBXFileReference; lastKnownFileType = sourcecode.swift; path = "AppDelegate+Url.swift"; sourceTree = "<group>"; };
		5C7C95D02B64628C00E40589 /* AppDelegate+ATT.swift */ = {isa = PBXFileReference; lastKnownFileType = sourcecode.swift; path = "AppDelegate+ATT.swift"; sourceTree = "<group>"; };
		5C7C95D22B64629A00E40589 /* AppRouter.swift */ = {isa = PBXFileReference; lastKnownFileType = sourcecode.swift; path = AppRouter.swift; sourceTree = "<group>"; };
		5C7C95D82B6463BD00E40589 /* SplashBuilder.swift */ = {isa = PBXFileReference; lastKnownFileType = sourcecode.swift; path = SplashBuilder.swift; sourceTree = "<group>"; };
		5C7C95DA2B6463CC00E40589 /* SplashContractor.swift */ = {isa = PBXFileReference; lastKnownFileType = sourcecode.swift; path = SplashContractor.swift; sourceTree = "<group>"; };
		5C7C95DC2B6463D800E40589 /* SplashRouter.swift */ = {isa = PBXFileReference; lastKnownFileType = sourcecode.swift; path = SplashRouter.swift; sourceTree = "<group>"; };
		5C7C95DE2B6463E600E40589 /* SplashPresenter.swift */ = {isa = PBXFileReference; lastKnownFileType = sourcecode.swift; path = SplashPresenter.swift; sourceTree = "<group>"; };
		5C7C95E02B6463F300E40589 /* SplashInteractor.swift */ = {isa = PBXFileReference; lastKnownFileType = sourcecode.swift; path = SplashInteractor.swift; sourceTree = "<group>"; };
		5C7C95E22B64641200E40589 /* SplashViewController.swift */ = {isa = PBXFileReference; lastKnownFileType = sourcecode.swift; path = SplashViewController.swift; sourceTree = "<group>"; };
		5C7C95E32B64641200E40589 /* SplashViewController.xib */ = {isa = PBXFileReference; lastKnownFileType = file.xib; path = SplashViewController.xib; sourceTree = "<group>"; };
		5C7C96252B64688900E40589 /* ITSNetwork.framework */ = {isa = PBXFileReference; explicitFileType = wrapper.framework; includeInIndex = 0; path = ITSNetwork.framework; sourceTree = BUILT_PRODUCTS_DIR; };
		5C7C96272B64688900E40589 /* ITSNetwork.h */ = {isa = PBXFileReference; lastKnownFileType = sourcecode.c.h; path = ITSNetwork.h; sourceTree = "<group>"; };
		5C7C962C2B64688900E40589 /* ITSNetworkTests.xctest */ = {isa = PBXFileReference; explicitFileType = wrapper.cfbundle; includeInIndex = 0; path = ITSNetworkTests.xctest; sourceTree = BUILT_PRODUCTS_DIR; };
		5C7C96332B64688900E40589 /* ITSNetworkTests.swift */ = {isa = PBXFileReference; lastKnownFileType = sourcecode.swift; path = ITSNetworkTests.swift; sourceTree = "<group>"; };
		5C7C96432B6469BE00E40589 /* ITSNetworkEndpointGroup.swift */ = {isa = PBXFileReference; lastKnownFileType = sourcecode.swift; path = ITSNetworkEndpointGroup.swift; sourceTree = "<group>"; };
		5C7C96452B6469DF00E40589 /* ITSNetworkServiceProtocol.swift */ = {isa = PBXFileReference; lastKnownFileType = sourcecode.swift; path = ITSNetworkServiceProtocol.swift; sourceTree = "<group>"; };
		5C7C964A2B646EF100E40589 /* ITSNetworkService.swift */ = {isa = PBXFileReference; lastKnownFileType = sourcecode.swift; path = ITSNetworkService.swift; sourceTree = "<group>"; };
		5C7C96512B64712400E40589 /* ITSReachabilityListenerProtocol.swift */ = {isa = PBXFileReference; lastKnownFileType = sourcecode.swift; path = ITSReachabilityListenerProtocol.swift; sourceTree = "<group>"; };
		5C7C96532B64714600E40589 /* ITSReachabilityListener.swift */ = {isa = PBXFileReference; lastKnownFileType = sourcecode.swift; path = ITSReachabilityListener.swift; sourceTree = "<group>"; };
		5C7C96562B6471F000E40589 /* SearchResponseModel.swift */ = {isa = PBXFileReference; lastKnownFileType = sourcecode.swift; path = SearchResponseModel.swift; sourceTree = "<group>"; };
		5C7C96592B647A9900E40589 /* ITSDependencyContainer.swift */ = {isa = PBXFileReference; lastKnownFileType = sourcecode.swift; path = ITSDependencyContainer.swift; sourceTree = "<group>"; };
		5C7C966D2B650BDD00E40589 /* ITSUtils.framework */ = {isa = PBXFileReference; explicitFileType = wrapper.framework; includeInIndex = 0; path = ITSUtils.framework; sourceTree = BUILT_PRODUCTS_DIR; };
		5C7C966F2B650BDD00E40589 /* ITSUtils.h */ = {isa = PBXFileReference; lastKnownFileType = sourcecode.c.h; path = ITSUtils.h; sourceTree = "<group>"; };
		5C7C96742B650BDD00E40589 /* ITSUtilsTests.xctest */ = {isa = PBXFileReference; explicitFileType = wrapper.cfbundle; includeInIndex = 0; path = ITSUtilsTests.xctest; sourceTree = BUILT_PRODUCTS_DIR; };
		5C7C967B2B650BDD00E40589 /* ITSUtilsTests.swift */ = {isa = PBXFileReference; lastKnownFileType = sourcecode.swift; path = ITSUtilsTests.swift; sourceTree = "<group>"; };
		5C7C96892B650C4800E40589 /* ITSImageServiceProtocol.swift */ = {isa = PBXFileReference; lastKnownFileType = sourcecode.swift; path = ITSImageServiceProtocol.swift; sourceTree = "<group>"; };
		5C7C968B2B650C8400E40589 /* ITSImageService.swift */ = {isa = PBXFileReference; lastKnownFileType = sourcecode.swift; path = ITSImageService.swift; sourceTree = "<group>"; };
		5C7C968E2B650CF200E40589 /* ITSImageStorageProtocol.swift */ = {isa = PBXFileReference; lastKnownFileType = sourcecode.swift; path = ITSImageStorageProtocol.swift; sourceTree = "<group>"; };
		5C7C96902B650D3700E40589 /* ITSImageStorageURLCache.swift */ = {isa = PBXFileReference; lastKnownFileType = sourcecode.swift; path = ITSImageStorageURLCache.swift; sourceTree = "<group>"; };
		5C7C96932B65105F00E40589 /* UICollectionView+Ext.swift */ = {isa = PBXFileReference; lastKnownFileType = sourcecode.swift; path = "UICollectionView+Ext.swift"; sourceTree = "<group>"; };
		5C7C96952B6511C500E40589 /* NSObject+Ext.swift */ = {isa = PBXFileReference; lastKnownFileType = sourcecode.swift; path = "NSObject+Ext.swift"; sourceTree = "<group>"; };
		5C7C96972B65122F00E40589 /* DateFormatter+Ext.swift */ = {isa = PBXFileReference; lastKnownFileType = sourcecode.swift; path = "DateFormatter+Ext.swift"; sourceTree = "<group>"; };
		5C7C96992B65130F00E40589 /* Array+Ext.swift */ = {isa = PBXFileReference; lastKnownFileType = sourcecode.swift; path = "Array+Ext.swift"; sourceTree = "<group>"; };
		5C7C969B2B65140200E40589 /* Int+Ext.swift */ = {isa = PBXFileReference; lastKnownFileType = sourcecode.swift; path = "Int+Ext.swift"; sourceTree = "<group>"; };
		5C7C969D2B65143900E40589 /* String+Ext.swift */ = {isa = PBXFileReference; lastKnownFileType = sourcecode.swift; path = "String+Ext.swift"; sourceTree = "<group>"; };
		5C7C969F2B65199E00E40589 /* UINavigationController+Ext.swift */ = {isa = PBXFileReference; lastKnownFileType = sourcecode.swift; path = "UINavigationController+Ext.swift"; sourceTree = "<group>"; };
		5C7C96A22B651B2A00E40589 /* ITSLocalization.swift */ = {isa = PBXFileReference; lastKnownFileType = sourcecode.swift; path = ITSLocalization.swift; sourceTree = "<group>"; };
		5C7C96A42B651BE600E40589 /* tr */ = {isa = PBXFileReference; lastKnownFileType = text.plist.strings; name = tr; path = tr.lproj/LaunchScreen.strings; sourceTree = "<group>"; };
		5C7C96A52B651C3B00E40589 /* en */ = {isa = PBXFileReference; lastKnownFileType = text.plist.strings; name = en; path = en.lproj/LaunchScreen.strings; sourceTree = "<group>"; };
		5C7C96A92B651C8800E40589 /* en */ = {isa = PBXFileReference; lastKnownFileType = text.plist.strings; name = en; path = en.lproj/Localizable.strings; sourceTree = "<group>"; };
		5C7C96AB2B651C8A00E40589 /* tr */ = {isa = PBXFileReference; lastKnownFileType = text.plist.strings; name = tr; path = tr.lproj/Localizable.strings; sourceTree = "<group>"; };
		5C7C96BE2B6521CF00E40589 /* ITSJailbreakProtocol.swift */ = {isa = PBXFileReference; lastKnownFileType = sourcecode.swift; path = ITSJailbreakProtocol.swift; sourceTree = "<group>"; };
		5C7C96C02B65221400E40589 /* ITSJailbreak.swift */ = {isa = PBXFileReference; lastKnownFileType = sourcecode.swift; path = ITSJailbreak.swift; sourceTree = "<group>"; };
		5C7C96C42B65249000E40589 /* RootBuilder.swift */ = {isa = PBXFileReference; lastKnownFileType = sourcecode.swift; path = RootBuilder.swift; sourceTree = "<group>"; };
		5C7C96C62B65249800E40589 /* RootContractor.swift */ = {isa = PBXFileReference; lastKnownFileType = sourcecode.swift; path = RootContractor.swift; sourceTree = "<group>"; };
		5C7C96C82B65249F00E40589 /* RootRouter.swift */ = {isa = PBXFileReference; lastKnownFileType = sourcecode.swift; path = RootRouter.swift; sourceTree = "<group>"; };
		5C7C96CA2B6524A600E40589 /* RootPresenter.swift */ = {isa = PBXFileReference; lastKnownFileType = sourcecode.swift; path = RootPresenter.swift; sourceTree = "<group>"; };
		5C7C96CC2B6524B000E40589 /* RootInteractor.swift */ = {isa = PBXFileReference; lastKnownFileType = sourcecode.swift; path = RootInteractor.swift; sourceTree = "<group>"; };
		5C7C96CE2B6524BB00E40589 /* RootViewController.swift */ = {isa = PBXFileReference; lastKnownFileType = sourcecode.swift; path = RootViewController.swift; sourceTree = "<group>"; };
		5C7C96CF2B6524BB00E40589 /* RootViewController.xib */ = {isa = PBXFileReference; lastKnownFileType = file.xib; path = RootViewController.xib; sourceTree = "<group>"; };
		5C7C96D32B65298300E40589 /* TabBarItem.swift */ = {isa = PBXFileReference; lastKnownFileType = sourcecode.swift; path = TabBarItem.swift; sourceTree = "<group>"; };
		5C7C96D72B6534A100E40589 /* CustomTabBar.swift */ = {isa = PBXFileReference; lastKnownFileType = sourcecode.swift; path = CustomTabBar.swift; sourceTree = "<group>"; };
		5C7C96EF2B6556AE00E40589 /* SearchMainBuilder.swift */ = {isa = PBXFileReference; lastKnownFileType = sourcecode.swift; path = SearchMainBuilder.swift; sourceTree = "<group>"; };
		5C7C96F22B6556D200E40589 /* SearchMainContractor.swift */ = {isa = PBXFileReference; lastKnownFileType = sourcecode.swift; path = SearchMainContractor.swift; sourceTree = "<group>"; };
		5C7C96F42B6556D900E40589 /* SearchMainRouter.swift */ = {isa = PBXFileReference; lastKnownFileType = sourcecode.swift; path = SearchMainRouter.swift; sourceTree = "<group>"; };
		5C7C96F62B6556E100E40589 /* SearchMainPresenter.swift */ = {isa = PBXFileReference; lastKnownFileType = sourcecode.swift; path = SearchMainPresenter.swift; sourceTree = "<group>"; };
		5C7C96F82B6556EE00E40589 /* SearchMainInteractor.swift */ = {isa = PBXFileReference; lastKnownFileType = sourcecode.swift; path = SearchMainInteractor.swift; sourceTree = "<group>"; };
		5C7C96FA2B6556F700E40589 /* SearchMainViewController.swift */ = {isa = PBXFileReference; lastKnownFileType = sourcecode.swift; path = SearchMainViewController.swift; sourceTree = "<group>"; };
		5C7C96FB2B6556F700E40589 /* SearchMainViewController.xib */ = {isa = PBXFileReference; lastKnownFileType = file.xib; path = SearchMainViewController.xib; sourceTree = "<group>"; };
		5C7C96FF2B65571100E40589 /* SearchListBuilder.swift */ = {isa = PBXFileReference; lastKnownFileType = sourcecode.swift; path = SearchListBuilder.swift; sourceTree = "<group>"; };
		5C7C97012B65571900E40589 /* SearchListContractor.swift */ = {isa = PBXFileReference; lastKnownFileType = sourcecode.swift; path = SearchListContractor.swift; sourceTree = "<group>"; };
		5C7C97032B65572000E40589 /* SearchListRouter.swift */ = {isa = PBXFileReference; lastKnownFileType = sourcecode.swift; path = SearchListRouter.swift; sourceTree = "<group>"; };
		5C7C97052B65572700E40589 /* SearchListPresenter.swift */ = {isa = PBXFileReference; lastKnownFileType = sourcecode.swift; path = SearchListPresenter.swift; sourceTree = "<group>"; };
		5C7C97072B65572F00E40589 /* SearchListInteractor.swift */ = {isa = PBXFileReference; lastKnownFileType = sourcecode.swift; path = SearchListInteractor.swift; sourceTree = "<group>"; };
		5C7C97092B65573900E40589 /* SearchListViewController.swift */ = {isa = PBXFileReference; lastKnownFileType = sourcecode.swift; path = SearchListViewController.swift; sourceTree = "<group>"; };
		5C7C970A2B65573900E40589 /* SearchListViewController.xib */ = {isa = PBXFileReference; lastKnownFileType = file.xib; path = SearchListViewController.xib; sourceTree = "<group>"; };
		5C7C97112B655BE500E40589 /* PaginationView.swift */ = {isa = PBXFileReference; lastKnownFileType = sourcecode.swift; path = PaginationView.swift; sourceTree = "<group>"; };
		5C7C97142B655C5400E40589 /* PaginationModel.swift */ = {isa = PBXFileReference; lastKnownFileType = sourcecode.swift; path = PaginationModel.swift; sourceTree = "<group>"; };
		5C7C97162B655E0B00E40589 /* UIView+Ext.swift */ = {isa = PBXFileReference; lastKnownFileType = sourcecode.swift; path = "UIView+Ext.swift"; sourceTree = "<group>"; };
		5C7C971A2B6572D100E40589 /* ListCollectionViewCell.swift */ = {isa = PBXFileReference; lastKnownFileType = sourcecode.swift; path = ListCollectionViewCell.swift; sourceTree = "<group>"; };
		5C7C971B2B6572D100E40589 /* ListCollectionViewCell.xib */ = {isa = PBXFileReference; lastKnownFileType = file.xib; path = ListCollectionViewCell.xib; sourceTree = "<group>"; };
		5C7C971E2B6576A300E40589 /* SearchListCollectionViewAdapter.swift */ = {isa = PBXFileReference; lastKnownFileType = sourcecode.swift; path = SearchListCollectionViewAdapter.swift; sourceTree = "<group>"; };
		5C7C97212B65772500E40589 /* BaseViewController.swift */ = {isa = PBXFileReference; lastKnownFileType = sourcecode.swift; path = BaseViewController.swift; sourceTree = "<group>"; };
		5C7C97232B65775F00E40589 /* BaseContractor.swift */ = {isa = PBXFileReference; lastKnownFileType = sourcecode.swift; path = BaseContractor.swift; sourceTree = "<group>"; };
		5C7C97272B657D6000E40589 /* CustomNavigationBar.swift */ = {isa = PBXFileReference; fileEncoding = 4; lastKnownFileType = sourcecode.swift; path = CustomNavigationBar.swift; sourceTree = "<group>"; };
		5C7C97282B657D6000E40589 /* CustomNavigationBar.xib */ = {isa = PBXFileReference; fileEncoding = 4; lastKnownFileType = file.xib; path = CustomNavigationBar.xib; sourceTree = "<group>"; };
		5C7C972B2B657E1300E40589 /* NavigationBarProtocol.swift */ = {isa = PBXFileReference; lastKnownFileType = sourcecode.swift; path = NavigationBarProtocol.swift; sourceTree = "<group>"; };
		5C7C972D2B657E7B00E40589 /* Bundle+Ext.swift */ = {isa = PBXFileReference; lastKnownFileType = sourcecode.swift; path = "Bundle+Ext.swift"; sourceTree = "<group>"; };
		5C7C972F2B657F3000E40589 /* UIViewController+Ext.swift */ = {isa = PBXFileReference; lastKnownFileType = sourcecode.swift; path = "UIViewController+Ext.swift"; sourceTree = "<group>"; };
		5C7C97572B65D28900E40589 /* Roboto-LightItalic.ttf */ = {isa = PBXFileReference; lastKnownFileType = file; path = "Roboto-LightItalic.ttf"; sourceTree = "<group>"; };
		5C7C97582B65D28900E40589 /* Roboto-Italic.ttf */ = {isa = PBXFileReference; lastKnownFileType = file; path = "Roboto-Italic.ttf"; sourceTree = "<group>"; };
		5C7C97592B65D28900E40589 /* Roboto-BoldItalic.ttf */ = {isa = PBXFileReference; lastKnownFileType = file; path = "Roboto-BoldItalic.ttf"; sourceTree = "<group>"; };
		5C7C975A2B65D28900E40589 /* Roboto-ThinItalic.ttf */ = {isa = PBXFileReference; lastKnownFileType = file; path = "Roboto-ThinItalic.ttf"; sourceTree = "<group>"; };
		5C7C975B2B65D28900E40589 /* Roboto-Medium.ttf */ = {isa = PBXFileReference; lastKnownFileType = file; path = "Roboto-Medium.ttf"; sourceTree = "<group>"; };
		5C7C975C2B65D28900E40589 /* Roboto-Light.ttf */ = {isa = PBXFileReference; lastKnownFileType = file; path = "Roboto-Light.ttf"; sourceTree = "<group>"; };
		5C7C975D2B65D28900E40589 /* Roboto-Bold.ttf */ = {isa = PBXFileReference; lastKnownFileType = file; path = "Roboto-Bold.ttf"; sourceTree = "<group>"; };
		5C7C975E2B65D28900E40589 /* Roboto-Regular.ttf */ = {isa = PBXFileReference; lastKnownFileType = file; path = "Roboto-Regular.ttf"; sourceTree = "<group>"; };
		5C7C975F2B65D28900E40589 /* Roboto-BlackItalic.ttf */ = {isa = PBXFileReference; lastKnownFileType = file; path = "Roboto-BlackItalic.ttf"; sourceTree = "<group>"; };
		5C7C97602B65D28900E40589 /* Roboto-Thin.ttf */ = {isa = PBXFileReference; lastKnownFileType = file; path = "Roboto-Thin.ttf"; sourceTree = "<group>"; };
		5C7C97612B65D28900E40589 /* LICENSE.txt */ = {isa = PBXFileReference; fileEncoding = 4; lastKnownFileType = text; path = LICENSE.txt; sourceTree = "<group>"; };
		5C7C97622B65D28900E40589 /* Roboto-MediumItalic.ttf */ = {isa = PBXFileReference; lastKnownFileType = file; path = "Roboto-MediumItalic.ttf"; sourceTree = "<group>"; };
		5C7C97632B65D28900E40589 /* Roboto-Black.ttf */ = {isa = PBXFileReference; lastKnownFileType = file; path = "Roboto-Black.ttf"; sourceTree = "<group>"; };
		5C7C97712B65D29100E40589 /* Fonts.swift */ = {isa = PBXFileReference; lastKnownFileType = sourcecode.swift; path = Fonts.swift; sourceTree = "<group>"; };
		5C7C97732B65D29A00E40589 /* Colours.swift */ = {isa = PBXFileReference; lastKnownFileType = sourcecode.swift; path = Colours.swift; sourceTree = "<group>"; };
/* End PBXFileReference section */

/* Begin PBXFrameworksBuildPhase section */
		5C7C95952B64614500E40589 /* Frameworks */ = {
			isa = PBXFrameworksBuildPhase;
			buildActionMask = 2147483647;
			files = (
				5C7C96382B64688900E40589 /* ITSNetwork.framework in Frameworks */,
				5C7C96802B650BDD00E40589 /* ITSUtils.framework in Frameworks */,
				5C7C965D2B647B4200E40589 /* Swinject in Frameworks */,
				5C7C970F2B655AD700E40589 /* Parchment in Frameworks */,
			);
			runOnlyForDeploymentPostprocessing = 0;
		};
		5C7C95AB2B64614500E40589 /* Frameworks */ = {
			isa = PBXFrameworksBuildPhase;
			buildActionMask = 2147483647;
			files = (
			);
			runOnlyForDeploymentPostprocessing = 0;
		};
		5C7C95B52B64614500E40589 /* Frameworks */ = {
			isa = PBXFrameworksBuildPhase;
			buildActionMask = 2147483647;
			files = (
			);
			runOnlyForDeploymentPostprocessing = 0;
		};
		5C7C96222B64688900E40589 /* Frameworks */ = {
			isa = PBXFrameworksBuildPhase;
			buildActionMask = 2147483647;
			files = (
				5C7C96492B646B1100E40589 /* Moya in Frameworks */,
				5C7C96502B64710400E40589 /* Reachability in Frameworks */,
			);
			runOnlyForDeploymentPostprocessing = 0;
		};
		5C7C96292B64688900E40589 /* Frameworks */ = {
			isa = PBXFrameworksBuildPhase;
			buildActionMask = 2147483647;
			files = (
				5C7C962D2B64688900E40589 /* ITSNetwork.framework in Frameworks */,
			);
			runOnlyForDeploymentPostprocessing = 0;
		};
		5C7C966A2B650BDD00E40589 /* Frameworks */ = {
			isa = PBXFrameworksBuildPhase;
			buildActionMask = 2147483647;
			files = (
			);
			runOnlyForDeploymentPostprocessing = 0;
		};
		5C7C96712B650BDD00E40589 /* Frameworks */ = {
			isa = PBXFrameworksBuildPhase;
			buildActionMask = 2147483647;
			files = (
				5C7C96752B650BDD00E40589 /* ITSUtils.framework in Frameworks */,
			);
			runOnlyForDeploymentPostprocessing = 0;
		};
/* End PBXFrameworksBuildPhase section */

/* Begin PBXGroup section */
		5C7C958F2B64614500E40589 = {
			isa = PBXGroup;
			children = (
				5C7C959A2B64614500E40589 /* ITuneSearch */,
				5C7C95B12B64614500E40589 /* ITuneSearchTests */,
				5C7C95BB2B64614500E40589 /* ITuneSearchUITests */,
				5C7C96262B64688900E40589 /* ITSNetwork */,
				5C7C96322B64688900E40589 /* ITSNetworkTests */,
				5C7C966E2B650BDD00E40589 /* ITSUtils */,
				5C7C967A2B650BDD00E40589 /* ITSUtilsTests */,
				5C7C95992B64614500E40589 /* Products */,
			);
			sourceTree = "<group>";
		};
		5C7C95992B64614500E40589 /* Products */ = {
			isa = PBXGroup;
			children = (
				5C7C95982B64614500E40589 /* ITuneSearch.app */,
				5C7C95AE2B64614500E40589 /* ITuneSearchTests.xctest */,
				5C7C95B82B64614500E40589 /* ITuneSearchUITests.xctest */,
				5C7C96252B64688900E40589 /* ITSNetwork.framework */,
				5C7C962C2B64688900E40589 /* ITSNetworkTests.xctest */,
				5C7C966D2B650BDD00E40589 /* ITSUtils.framework */,
				5C7C96742B650BDD00E40589 /* ITSUtilsTests.xctest */,
			);
			name = Products;
			sourceTree = "<group>";
		};
		5C7C959A2B64614500E40589 /* ITuneSearch */ = {
			isa = PBXGroup;
			children = (
				5C7C95CB2B64623500E40589 /* Application */,
				5C7C95D52B6463A100E40589 /* Modules */,
				5C7C96582B647A8200E40589 /* Utils */,
				5C7C96D52B65347900E40589 /* Commons */,
				5C7C95D42B6462ED00E40589 /* SupportingFiles */,
				5C7C95A92B64614500E40589 /* Info.plist */,
			);
			path = ITuneSearch;
			sourceTree = "<group>";
		};
		5C7C95B12B64614500E40589 /* ITuneSearchTests */ = {
			isa = PBXGroup;
			children = (
				5C7C95B22B64614500E40589 /* ITuneSearchTests.swift */,
			);
			path = ITuneSearchTests;
			sourceTree = "<group>";
		};
		5C7C95BB2B64614500E40589 /* ITuneSearchUITests */ = {
			isa = PBXGroup;
			children = (
				5C7C95BC2B64614500E40589 /* ITuneSearchUITests.swift */,
				5C7C95BE2B64614500E40589 /* ITuneSearchUITestsLaunchTests.swift */,
			);
			path = ITuneSearchUITests;
			sourceTree = "<group>";
		};
		5C7C95CB2B64623500E40589 /* Application */ = {
			isa = PBXGroup;
			children = (
				5C7C959B2B64614500E40589 /* AppDelegate.swift */,
				5C7C95CC2B64626900E40589 /* AppDelegate+Notifications.swift */,
				5C7C95CE2B64627F00E40589 /* AppDelegate+Url.swift */,
				5C7C95D02B64628C00E40589 /* AppDelegate+ATT.swift */,
				5C7C95D22B64629A00E40589 /* AppRouter.swift */,
			);
			path = Application;
			sourceTree = "<group>";
		};
		5C7C95D42B6462ED00E40589 /* SupportingFiles */ = {
			isa = PBXGroup;
			children = (
				5C7C95A42B64614500E40589 /* Assets.xcassets */,
				5C7C95A62B64614500E40589 /* LaunchScreen.storyboard */,
			);
			path = SupportingFiles;
			sourceTree = "<group>";
		};
		5C7C95D52B6463A100E40589 /* Modules */ = {
			isa = PBXGroup;
			children = (
				5C7C95D62B6463AC00E40589 /* Splash */,
				5C7C96C22B65247E00E40589 /* Root */,
				5C7C96EA2B65555500E40589 /* Search */,
			);
			path = Modules;
			sourceTree = "<group>";
		};
		5C7C95D62B6463AC00E40589 /* Splash */ = {
			isa = PBXGroup;
			children = (
				5C7C95D72B6463B200E40589 /* Builder */,
				5C7C95DA2B6463CC00E40589 /* SplashContractor.swift */,
				5C7C95DC2B6463D800E40589 /* SplashRouter.swift */,
				5C7C95DE2B6463E600E40589 /* SplashPresenter.swift */,
				5C7C95E02B6463F300E40589 /* SplashInteractor.swift */,
				5C7C95E22B64641200E40589 /* SplashViewController.swift */,
				5C7C95E32B64641200E40589 /* SplashViewController.xib */,
			);
			path = Splash;
			sourceTree = "<group>";
		};
		5C7C95D72B6463B200E40589 /* Builder */ = {
			isa = PBXGroup;
			children = (
				5C7C95D82B6463BD00E40589 /* SplashBuilder.swift */,
			);
			path = Builder;
			sourceTree = "<group>";
		};
		5C7C96262B64688900E40589 /* ITSNetwork */ = {
			isa = PBXGroup;
			children = (
				5C7C96272B64688900E40589 /* ITSNetwork.h */,
				5C7C96552B6471C900E40589 /* Models */,
				5C7C96432B6469BE00E40589 /* ITSNetworkEndpointGroup.swift */,
				5C7C96452B6469DF00E40589 /* ITSNetworkServiceProtocol.swift */,
				5C7C964A2B646EF100E40589 /* ITSNetworkService.swift */,
				5C7C96512B64712400E40589 /* ITSReachabilityListenerProtocol.swift */,
				5C7C96532B64714600E40589 /* ITSReachabilityListener.swift */,
			);
			path = ITSNetwork;
			sourceTree = "<group>";
		};
		5C7C96322B64688900E40589 /* ITSNetworkTests */ = {
			isa = PBXGroup;
			children = (
				5C7C96332B64688900E40589 /* ITSNetworkTests.swift */,
			);
			path = ITSNetworkTests;
			sourceTree = "<group>";
		};
		5C7C96552B6471C900E40589 /* Models */ = {
			isa = PBXGroup;
			children = (
				5C7C96562B6471F000E40589 /* SearchResponseModel.swift */,
			);
			path = Models;
			sourceTree = "<group>";
		};
		5C7C96582B647A8200E40589 /* Utils */ = {
			isa = PBXGroup;
			children = (
				5C7C96592B647A9900E40589 /* ITSDependencyContainer.swift */,
			);
			path = Utils;
			sourceTree = "<group>";
		};
		5C7C966E2B650BDD00E40589 /* ITSUtils */ = {
			isa = PBXGroup;
			children = (
				5C7C966F2B650BDD00E40589 /* ITSUtils.h */,
				5C7C96A12B651B0E00E40589 /* Localization */,
				5C7C96922B650FF000E40589 /* Extensions */,
				5C7C96882B650C1100E40589 /* ImageService */,
				5C7C96BD2B6521AF00E40589 /* Jailbreak */,
			);
			path = ITSUtils;
			sourceTree = "<group>";
		};
		5C7C967A2B650BDD00E40589 /* ITSUtilsTests */ = {
			isa = PBXGroup;
			children = (
				5C7C967B2B650BDD00E40589 /* ITSUtilsTests.swift */,
			);
			path = ITSUtilsTests;
			sourceTree = "<group>";
		};
		5C7C96882B650C1100E40589 /* ImageService */ = {
			isa = PBXGroup;
			children = (
				5C7C968D2B650CE200E40589 /* Storage */,
				5C7C96892B650C4800E40589 /* ITSImageServiceProtocol.swift */,
				5C7C968B2B650C8400E40589 /* ITSImageService.swift */,
			);
			path = ImageService;
			sourceTree = "<group>";
		};
		5C7C968D2B650CE200E40589 /* Storage */ = {
			isa = PBXGroup;
			children = (
				5C7C968E2B650CF200E40589 /* ITSImageStorageProtocol.swift */,
				5C7C96902B650D3700E40589 /* ITSImageStorageURLCache.swift */,
			);
			path = Storage;
			sourceTree = "<group>";
		};
		5C7C96922B650FF000E40589 /* Extensions */ = {
			isa = PBXGroup;
			children = (
				5C7C96932B65105F00E40589 /* UICollectionView+Ext.swift */,
				5C7C96952B6511C500E40589 /* NSObject+Ext.swift */,
				5C7C96972B65122F00E40589 /* DateFormatter+Ext.swift */,
				5C7C96992B65130F00E40589 /* Array+Ext.swift */,
				5C7C969B2B65140200E40589 /* Int+Ext.swift */,
				5C7C969D2B65143900E40589 /* String+Ext.swift */,
				5C7C969F2B65199E00E40589 /* UINavigationController+Ext.swift */,
				5C7C97162B655E0B00E40589 /* UIView+Ext.swift */,
				5C7C972D2B657E7B00E40589 /* Bundle+Ext.swift */,
				5C7C972F2B657F3000E40589 /* UIViewController+Ext.swift */,
			);
			path = Extensions;
			sourceTree = "<group>";
		};
		5C7C96A12B651B0E00E40589 /* Localization */ = {
			isa = PBXGroup;
			children = (
				5C7C96A22B651B2A00E40589 /* ITSLocalization.swift */,
				5C7C96AA2B651C8800E40589 /* Localizable.strings */,
			);
			path = Localization;
			sourceTree = "<group>";
		};
		5C7C96BD2B6521AF00E40589 /* Jailbreak */ = {
			isa = PBXGroup;
			children = (
				5C7C96BE2B6521CF00E40589 /* ITSJailbreakProtocol.swift */,
				5C7C96C02B65221400E40589 /* ITSJailbreak.swift */,
			);
			path = Jailbreak;
			sourceTree = "<group>";
		};
		5C7C96C22B65247E00E40589 /* Root */ = {
			isa = PBXGroup;
			children = (
				5C7C96D22B65293F00E40589 /* Entity */,
				5C7C96C32B65248600E40589 /* Builder */,
				5C7C96C62B65249800E40589 /* RootContractor.swift */,
				5C7C96C82B65249F00E40589 /* RootRouter.swift */,
				5C7C96CA2B6524A600E40589 /* RootPresenter.swift */,
				5C7C96CC2B6524B000E40589 /* RootInteractor.swift */,
				5C7C96CE2B6524BB00E40589 /* RootViewController.swift */,
				5C7C96CF2B6524BB00E40589 /* RootViewController.xib */,
			);
			path = Root;
			sourceTree = "<group>";
		};
		5C7C96C32B65248600E40589 /* Builder */ = {
			isa = PBXGroup;
			children = (
				5C7C96C42B65249000E40589 /* RootBuilder.swift */,
			);
			path = Builder;
			sourceTree = "<group>";
		};
		5C7C96D22B65293F00E40589 /* Entity */ = {
			isa = PBXGroup;
			children = (
				5C7C96D32B65298300E40589 /* TabBarItem.swift */,
			);
			path = Entity;
			sourceTree = "<group>";
		};
		5C7C96D52B65347900E40589 /* Commons */ = {
			isa = PBXGroup;
			children = (
				5C7C97542B65D27200E40589 /* Theme */,
				5C7C97262B657D3E00E40589 /* NavigationBar */,
				5C7C97202B65770C00E40589 /* Base */,
				5C7C97102B655BD200E40589 /* Pagination */,
				5C7C96D62B65348700E40589 /* TabBar */,
			);
			path = Commons;
			sourceTree = "<group>";
		};
		5C7C96D62B65348700E40589 /* TabBar */ = {
			isa = PBXGroup;
			children = (
				5C7C96D72B6534A100E40589 /* CustomTabBar.swift */,
			);
			path = TabBar;
			sourceTree = "<group>";
		};
		5C7C96EA2B65555500E40589 /* Search */ = {
			isa = PBXGroup;
			children = (
				5C7C96EC2B65559B00E40589 /* Main */,
				5C7C96ED2B6555A300E40589 /* List */,
			);
			path = Search;
			sourceTree = "<group>";
		};
		5C7C96EC2B65559B00E40589 /* Main */ = {
			isa = PBXGroup;
			children = (
				5C7C96EE2B6556A100E40589 /* Builder */,
				5C7C96F22B6556D200E40589 /* SearchMainContractor.swift */,
				5C7C96F42B6556D900E40589 /* SearchMainRouter.swift */,
				5C7C96F62B6556E100E40589 /* SearchMainPresenter.swift */,
				5C7C96F82B6556EE00E40589 /* SearchMainInteractor.swift */,
				5C7C96FA2B6556F700E40589 /* SearchMainViewController.swift */,
				5C7C96FB2B6556F700E40589 /* SearchMainViewController.xib */,
			);
			path = Main;
			sourceTree = "<group>";
		};
		5C7C96ED2B6555A300E40589 /* List */ = {
			isa = PBXGroup;
			children = (
				5C7C97182B6572A600E40589 /* Adapter */,
				5C7C96FE2B65570400E40589 /* Builder */,
				5C7C97012B65571900E40589 /* SearchListContractor.swift */,
				5C7C97032B65572000E40589 /* SearchListRouter.swift */,
				5C7C97052B65572700E40589 /* SearchListPresenter.swift */,
				5C7C97072B65572F00E40589 /* SearchListInteractor.swift */,
				5C7C97092B65573900E40589 /* SearchListViewController.swift */,
				5C7C970A2B65573900E40589 /* SearchListViewController.xib */,
			);
			path = List;
			sourceTree = "<group>";
		};
		5C7C96EE2B6556A100E40589 /* Builder */ = {
			isa = PBXGroup;
			children = (
				5C7C96EF2B6556AE00E40589 /* SearchMainBuilder.swift */,
			);
			path = Builder;
			sourceTree = "<group>";
		};
		5C7C96FE2B65570400E40589 /* Builder */ = {
			isa = PBXGroup;
			children = (
				5C7C96FF2B65571100E40589 /* SearchListBuilder.swift */,
			);
			path = Builder;
			sourceTree = "<group>";
		};
		5C7C97102B655BD200E40589 /* Pagination */ = {
			isa = PBXGroup;
			children = (
				5C7C97132B655C4800E40589 /* Models */,
				5C7C97112B655BE500E40589 /* PaginationView.swift */,
			);
			path = Pagination;
			sourceTree = "<group>";
		};
		5C7C97132B655C4800E40589 /* Models */ = {
			isa = PBXGroup;
			children = (
				5C7C97142B655C5400E40589 /* PaginationModel.swift */,
			);
			path = Models;
			sourceTree = "<group>";
		};
		5C7C97182B6572A600E40589 /* Adapter */ = {
			isa = PBXGroup;
			children = (
				5C7C97192B6572B400E40589 /* ListCVCell */,
				5C7C971E2B6576A300E40589 /* SearchListCollectionViewAdapter.swift */,
			);
			path = Adapter;
			sourceTree = "<group>";
		};
		5C7C97192B6572B400E40589 /* ListCVCell */ = {
			isa = PBXGroup;
			children = (
				5C7C971A2B6572D100E40589 /* ListCollectionViewCell.swift */,
				5C7C971B2B6572D100E40589 /* ListCollectionViewCell.xib */,
			);
			path = ListCVCell;
			sourceTree = "<group>";
		};
		5C7C97202B65770C00E40589 /* Base */ = {
			isa = PBXGroup;
			children = (
				5C7C97212B65772500E40589 /* BaseViewController.swift */,
				5C7C97232B65775F00E40589 /* BaseContractor.swift */,
			);
			path = Base;
			sourceTree = "<group>";
		};
		5C7C97262B657D3E00E40589 /* NavigationBar */ = {
			isa = PBXGroup;
			children = (
				5C7C972B2B657E1300E40589 /* NavigationBarProtocol.swift */,
				5C7C97272B657D6000E40589 /* CustomNavigationBar.swift */,
				5C7C97282B657D6000E40589 /* CustomNavigationBar.xib */,
			);
			path = NavigationBar;
			sourceTree = "<group>";
		};
		5C7C97542B65D27200E40589 /* Theme */ = {
			isa = PBXGroup;
			children = (
				5C7C97552B65D27600E40589 /* Fonts */,
			);
			path = Theme;
			sourceTree = "<group>";
		};
		5C7C97552B65D27600E40589 /* Fonts */ = {
			isa = PBXGroup;
			children = (
				5C7C97562B65D27B00E40589 /* Roboto */,
				5C7C97712B65D29100E40589 /* Fonts.swift */,
				5C7C97732B65D29A00E40589 /* Colours.swift */,
			);
			path = Fonts;
			sourceTree = "<group>";
		};
		5C7C97562B65D27B00E40589 /* Roboto */ = {
			isa = PBXGroup;
			children = (
				5C7C97612B65D28900E40589 /* LICENSE.txt */,
				5C7C97632B65D28900E40589 /* Roboto-Black.ttf */,
				5C7C975F2B65D28900E40589 /* Roboto-BlackItalic.ttf */,
				5C7C975D2B65D28900E40589 /* Roboto-Bold.ttf */,
				5C7C97592B65D28900E40589 /* Roboto-BoldItalic.ttf */,
				5C7C97582B65D28900E40589 /* Roboto-Italic.ttf */,
				5C7C975C2B65D28900E40589 /* Roboto-Light.ttf */,
				5C7C97572B65D28900E40589 /* Roboto-LightItalic.ttf */,
				5C7C975B2B65D28900E40589 /* Roboto-Medium.ttf */,
				5C7C97622B65D28900E40589 /* Roboto-MediumItalic.ttf */,
				5C7C975E2B65D28900E40589 /* Roboto-Regular.ttf */,
				5C7C97602B65D28900E40589 /* Roboto-Thin.ttf */,
				5C7C975A2B65D28900E40589 /* Roboto-ThinItalic.ttf */,
			);
			path = Roboto;
			sourceTree = "<group>";
		};
/* End PBXGroup section */

/* Begin PBXHeadersBuildPhase section */
		5C7C96202B64688900E40589 /* Headers */ = {
			isa = PBXHeadersBuildPhase;
			buildActionMask = 2147483647;
			files = (
				5C7C96352B64688900E40589 /* ITSNetwork.h in Headers */,
			);
			runOnlyForDeploymentPostprocessing = 0;
		};
		5C7C96682B650BDD00E40589 /* Headers */ = {
			isa = PBXHeadersBuildPhase;
			buildActionMask = 2147483647;
			files = (
				5C7C967D2B650BDD00E40589 /* ITSUtils.h in Headers */,
			);
			runOnlyForDeploymentPostprocessing = 0;
		};
/* End PBXHeadersBuildPhase section */

/* Begin PBXNativeTarget section */
		5C7C95972B64614500E40589 /* ITuneSearch */ = {
			isa = PBXNativeTarget;
			buildConfigurationList = 5C7C95C22B64614600E40589 /* Build configuration list for PBXNativeTarget "ITuneSearch" */;
			buildPhases = (
				5C7C95942B64614500E40589 /* Sources */,
				5C7C95952B64614500E40589 /* Frameworks */,
				5C7C95962B64614500E40589 /* Resources */,
				5C7C963A2B64688900E40589 /* Embed Frameworks */,
			);
			buildRules = (
			);
			dependencies = (
				5C7C96372B64688900E40589 /* PBXTargetDependency */,
				5C7C967F2B650BDD00E40589 /* PBXTargetDependency */,
			);
			name = ITuneSearch;
			packageProductDependencies = (
				5C7C965C2B647B4200E40589 /* Swinject */,
				5C7C970E2B655AD700E40589 /* Parchment */,
			);
			productName = ITuneSearch;
			productReference = 5C7C95982B64614500E40589 /* ITuneSearch.app */;
			productType = "com.apple.product-type.application";
		};
		5C7C95AD2B64614500E40589 /* ITuneSearchTests */ = {
			isa = PBXNativeTarget;
			buildConfigurationList = 5C7C95C52B64614600E40589 /* Build configuration list for PBXNativeTarget "ITuneSearchTests" */;
			buildPhases = (
				5C7C95AA2B64614500E40589 /* Sources */,
				5C7C95AB2B64614500E40589 /* Frameworks */,
				5C7C95AC2B64614500E40589 /* Resources */,
			);
			buildRules = (
			);
			dependencies = (
				5C7C95B02B64614500E40589 /* PBXTargetDependency */,
			);
			name = ITuneSearchTests;
			productName = ITuneSearchTests;
			productReference = 5C7C95AE2B64614500E40589 /* ITuneSearchTests.xctest */;
			productType = "com.apple.product-type.bundle.unit-test";
		};
		5C7C95B72B64614500E40589 /* ITuneSearchUITests */ = {
			isa = PBXNativeTarget;
			buildConfigurationList = 5C7C95C82B64614600E40589 /* Build configuration list for PBXNativeTarget "ITuneSearchUITests" */;
			buildPhases = (
				5C7C95B42B64614500E40589 /* Sources */,
				5C7C95B52B64614500E40589 /* Frameworks */,
				5C7C95B62B64614500E40589 /* Resources */,
			);
			buildRules = (
			);
			dependencies = (
				5C7C95BA2B64614500E40589 /* PBXTargetDependency */,
			);
			name = ITuneSearchUITests;
			productName = ITuneSearchUITests;
			productReference = 5C7C95B82B64614500E40589 /* ITuneSearchUITests.xctest */;
			productType = "com.apple.product-type.bundle.ui-testing";
		};
		5C7C96242B64688900E40589 /* ITSNetwork */ = {
			isa = PBXNativeTarget;
			buildConfigurationList = 5C7C963F2B64688900E40589 /* Build configuration list for PBXNativeTarget "ITSNetwork" */;
			buildPhases = (
				5C7C96202B64688900E40589 /* Headers */,
				5C7C96212B64688900E40589 /* Sources */,
				5C7C96222B64688900E40589 /* Frameworks */,
				5C7C96232B64688900E40589 /* Resources */,
			);
			buildRules = (
			);
			dependencies = (
			);
			name = ITSNetwork;
			packageProductDependencies = (
				5C7C96482B646B1100E40589 /* Moya */,
				5C7C964F2B64710400E40589 /* Reachability */,
			);
			productName = ITSNetwork;
			productReference = 5C7C96252B64688900E40589 /* ITSNetwork.framework */;
			productType = "com.apple.product-type.framework";
		};
		5C7C962B2B64688900E40589 /* ITSNetworkTests */ = {
			isa = PBXNativeTarget;
			buildConfigurationList = 5C7C96402B64688900E40589 /* Build configuration list for PBXNativeTarget "ITSNetworkTests" */;
			buildPhases = (
				5C7C96282B64688900E40589 /* Sources */,
				5C7C96292B64688900E40589 /* Frameworks */,
				5C7C962A2B64688900E40589 /* Resources */,
			);
			buildRules = (
			);
			dependencies = (
				5C7C962F2B64688900E40589 /* PBXTargetDependency */,
				5C7C96312B64688900E40589 /* PBXTargetDependency */,
			);
			name = ITSNetworkTests;
			productName = ITSNetworkTests;
			productReference = 5C7C962C2B64688900E40589 /* ITSNetworkTests.xctest */;
			productType = "com.apple.product-type.bundle.unit-test";
		};
		5C7C966C2B650BDD00E40589 /* ITSUtils */ = {
			isa = PBXNativeTarget;
			buildConfigurationList = 5C7C96862B650BDD00E40589 /* Build configuration list for PBXNativeTarget "ITSUtils" */;
			buildPhases = (
				5C7C96682B650BDD00E40589 /* Headers */,
				5C7C96692B650BDD00E40589 /* Sources */,
				5C7C966A2B650BDD00E40589 /* Frameworks */,
				5C7C966B2B650BDD00E40589 /* Resources */,
			);
			buildRules = (
			);
			dependencies = (
			);
			name = ITSUtils;
			productName = ITSUtils;
			productReference = 5C7C966D2B650BDD00E40589 /* ITSUtils.framework */;
			productType = "com.apple.product-type.framework";
		};
		5C7C96732B650BDD00E40589 /* ITSUtilsTests */ = {
			isa = PBXNativeTarget;
			buildConfigurationList = 5C7C96872B650BDD00E40589 /* Build configuration list for PBXNativeTarget "ITSUtilsTests" */;
			buildPhases = (
				5C7C96702B650BDD00E40589 /* Sources */,
				5C7C96712B650BDD00E40589 /* Frameworks */,
				5C7C96722B650BDD00E40589 /* Resources */,
			);
			buildRules = (
			);
			dependencies = (
				5C7C96772B650BDD00E40589 /* PBXTargetDependency */,
				5C7C96792B650BDD00E40589 /* PBXTargetDependency */,
			);
			name = ITSUtilsTests;
			productName = ITSUtilsTests;
			productReference = 5C7C96742B650BDD00E40589 /* ITSUtilsTests.xctest */;
			productType = "com.apple.product-type.bundle.unit-test";
		};
/* End PBXNativeTarget section */

/* Begin PBXProject section */
		5C7C95902B64614500E40589 /* Project object */ = {
			isa = PBXProject;
			attributes = {
				BuildIndependentTargetsInParallel = 1;
				LastSwiftUpdateCheck = 1500;
				LastUpgradeCheck = 1500;
				TargetAttributes = {
					5C7C95972B64614500E40589 = {
						CreatedOnToolsVersion = 15.0.1;
					};
					5C7C95AD2B64614500E40589 = {
						CreatedOnToolsVersion = 15.0.1;
						TestTargetID = 5C7C95972B64614500E40589;
					};
					5C7C95B72B64614500E40589 = {
						CreatedOnToolsVersion = 15.0.1;
						TestTargetID = 5C7C95972B64614500E40589;
					};
					5C7C96242B64688900E40589 = {
						CreatedOnToolsVersion = 15.0.1;
						LastSwiftMigration = 1500;
					};
					5C7C962B2B64688900E40589 = {
						CreatedOnToolsVersion = 15.0.1;
						TestTargetID = 5C7C95972B64614500E40589;
					};
					5C7C966C2B650BDD00E40589 = {
						CreatedOnToolsVersion = 15.0.1;
						LastSwiftMigration = 1500;
					};
					5C7C96732B650BDD00E40589 = {
						CreatedOnToolsVersion = 15.0.1;
						TestTargetID = 5C7C95972B64614500E40589;
					};
				};
			};
			buildConfigurationList = 5C7C95932B64614500E40589 /* Build configuration list for PBXProject "ITuneSearch" */;
			compatibilityVersion = "Xcode 14.0";
			developmentRegion = en;
			hasScannedForEncodings = 0;
			knownRegions = (
				Base,
				tr,
				en,
			);
			mainGroup = 5C7C958F2B64614500E40589;
			packageReferences = (
				5C7C96472B646B1100E40589 /* XCRemoteSwiftPackageReference "Moya" */,
				5C7C964E2B64710400E40589 /* XCRemoteSwiftPackageReference "Reachability" */,
				5C7C965B2B647B4200E40589 /* XCRemoteSwiftPackageReference "Swinject" */,
				5C7C970D2B655AD700E40589 /* XCRemoteSwiftPackageReference "Parchment" */,
			);
			productRefGroup = 5C7C95992B64614500E40589 /* Products */;
			projectDirPath = "";
			projectRoot = "";
			targets = (
				5C7C95972B64614500E40589 /* ITuneSearch */,
				5C7C95AD2B64614500E40589 /* ITuneSearchTests */,
				5C7C95B72B64614500E40589 /* ITuneSearchUITests */,
				5C7C96242B64688900E40589 /* ITSNetwork */,
				5C7C962B2B64688900E40589 /* ITSNetworkTests */,
				5C7C966C2B650BDD00E40589 /* ITSUtils */,
				5C7C96732B650BDD00E40589 /* ITSUtilsTests */,
			);
		};
/* End PBXProject section */

/* Begin PBXResourcesBuildPhase section */
		5C7C95962B64614500E40589 /* Resources */ = {
			isa = PBXResourcesBuildPhase;
			buildActionMask = 2147483647;
			files = (
				5C7C97682B65D28900E40589 /* Roboto-Medium.ttf in Resources */,
				5C7C97672B65D28900E40589 /* Roboto-ThinItalic.ttf in Resources */,
				5C7C976C2B65D28900E40589 /* Roboto-BlackItalic.ttf in Resources */,
				5C7C976B2B65D28900E40589 /* Roboto-Regular.ttf in Resources */,
				5C7C976E2B65D28900E40589 /* LICENSE.txt in Resources */,
				5C7C976A2B65D28900E40589 /* Roboto-Bold.ttf in Resources */,
				5C7C972A2B657D6000E40589 /* CustomNavigationBar.xib in Resources */,
				5C7C97662B65D28900E40589 /* Roboto-BoldItalic.ttf in Resources */,
				5C7C97692B65D28900E40589 /* Roboto-Light.ttf in Resources */,
				5C7C976D2B65D28900E40589 /* Roboto-Thin.ttf in Resources */,
				5C7C95A82B64614500E40589 /* LaunchScreen.storyboard in Resources */,
				5C7C97702B65D28900E40589 /* Roboto-Black.ttf in Resources */,
				5C7C971D2B6572D100E40589 /* ListCollectionViewCell.xib in Resources */,
				5C7C95E52B64641200E40589 /* SplashViewController.xib in Resources */,
				5C7C96D12B6524BB00E40589 /* RootViewController.xib in Resources */,
				5C7C97642B65D28900E40589 /* Roboto-LightItalic.ttf in Resources */,
				5C7C96FD2B6556F700E40589 /* SearchMainViewController.xib in Resources */,
				5C7C976F2B65D28900E40589 /* Roboto-MediumItalic.ttf in Resources */,
				5C7C97652B65D28900E40589 /* Roboto-Italic.ttf in Resources */,
				5C7C95A52B64614500E40589 /* Assets.xcassets in Resources */,
				5C7C970C2B65573900E40589 /* SearchListViewController.xib in Resources */,
			);
			runOnlyForDeploymentPostprocessing = 0;
		};
		5C7C95AC2B64614500E40589 /* Resources */ = {
			isa = PBXResourcesBuildPhase;
			buildActionMask = 2147483647;
			files = (
			);
			runOnlyForDeploymentPostprocessing = 0;
		};
		5C7C95B62B64614500E40589 /* Resources */ = {
			isa = PBXResourcesBuildPhase;
			buildActionMask = 2147483647;
			files = (
			);
			runOnlyForDeploymentPostprocessing = 0;
		};
		5C7C96232B64688900E40589 /* Resources */ = {
			isa = PBXResourcesBuildPhase;
			buildActionMask = 2147483647;
			files = (
			);
			runOnlyForDeploymentPostprocessing = 0;
		};
		5C7C962A2B64688900E40589 /* Resources */ = {
			isa = PBXResourcesBuildPhase;
			buildActionMask = 2147483647;
			files = (
			);
			runOnlyForDeploymentPostprocessing = 0;
		};
		5C7C966B2B650BDD00E40589 /* Resources */ = {
			isa = PBXResourcesBuildPhase;
			buildActionMask = 2147483647;
			files = (
				5C7C96A82B651C8800E40589 /* Localizable.strings in Resources */,
			);
			runOnlyForDeploymentPostprocessing = 0;
		};
		5C7C96722B650BDD00E40589 /* Resources */ = {
			isa = PBXResourcesBuildPhase;
			buildActionMask = 2147483647;
			files = (
			);
			runOnlyForDeploymentPostprocessing = 0;
		};
/* End PBXResourcesBuildPhase section */

/* Begin PBXSourcesBuildPhase section */
		5C7C95942B64614500E40589 /* Sources */ = {
			isa = PBXSourcesBuildPhase;
			buildActionMask = 2147483647;
			files = (
				5C7C95D12B64628C00E40589 /* AppDelegate+ATT.swift in Sources */,
				5C7C97742B65D29A00E40589 /* Colours.swift in Sources */,
				5C7C971C2B6572D100E40589 /* ListCollectionViewCell.swift in Sources */,
				5C7C97062B65572700E40589 /* SearchListPresenter.swift in Sources */,
				5C7C96C92B65249F00E40589 /* RootRouter.swift in Sources */,
				5C7C97042B65572000E40589 /* SearchListRouter.swift in Sources */,
				5C7C97242B65775F00E40589 /* BaseContractor.swift in Sources */,
				5C7C96D02B6524BB00E40589 /* RootViewController.swift in Sources */,
				5C7C965A2B647A9900E40589 /* ITSDependencyContainer.swift in Sources */,
				5C7C96CD2B6524B000E40589 /* RootInteractor.swift in Sources */,
				5C7C95DD2B6463D800E40589 /* SplashRouter.swift in Sources */,
				5C7C95CF2B64627F00E40589 /* AppDelegate+Url.swift in Sources */,
				5C7C97122B655BE500E40589 /* PaginationView.swift in Sources */,
				5C7C97222B65772500E40589 /* BaseViewController.swift in Sources */,
				5C7C96C72B65249800E40589 /* RootContractor.swift in Sources */,
				5C7C96F02B6556AE00E40589 /* SearchMainBuilder.swift in Sources */,
				5C7C96F92B6556EE00E40589 /* SearchMainInteractor.swift in Sources */,
				5C7C95D92B6463BD00E40589 /* SplashBuilder.swift in Sources */,
				5C7C95DB2B6463CC00E40589 /* SplashContractor.swift in Sources */,
				5C7C97292B657D6000E40589 /* CustomNavigationBar.swift in Sources */,
				5C7C97722B65D29100E40589 /* Fonts.swift in Sources */,
				5C7C97022B65571900E40589 /* SearchListContractor.swift in Sources */,
				5C7C959C2B64614500E40589 /* AppDelegate.swift in Sources */,
				5C7C95D32B64629A00E40589 /* AppRouter.swift in Sources */,
				5C7C96F52B6556D900E40589 /* SearchMainRouter.swift in Sources */,
				5C7C96CB2B6524A600E40589 /* RootPresenter.swift in Sources */,
				5C7C96F72B6556E100E40589 /* SearchMainPresenter.swift in Sources */,
				5C7C971F2B6576A300E40589 /* SearchListCollectionViewAdapter.swift in Sources */,
				5C7C96FC2B6556F700E40589 /* SearchMainViewController.swift in Sources */,
				5C7C96D42B65298300E40589 /* TabBarItem.swift in Sources */,
				5C7C95E12B6463F300E40589 /* SplashInteractor.swift in Sources */,
				5C7C96C52B65249000E40589 /* RootBuilder.swift in Sources */,
				5C7C97082B65572F00E40589 /* SearchListInteractor.swift in Sources */,
				5C7C96D82B6534A100E40589 /* CustomTabBar.swift in Sources */,
				5C7C95CD2B64626900E40589 /* AppDelegate+Notifications.swift in Sources */,
				5C7C96F32B6556D200E40589 /* SearchMainContractor.swift in Sources */,
				5C7C97152B655C5400E40589 /* PaginationModel.swift in Sources */,
				5C7C95DF2B6463E600E40589 /* SplashPresenter.swift in Sources */,
				5C7C95E42B64641200E40589 /* SplashViewController.swift in Sources */,
				5C7C972C2B657E1300E40589 /* NavigationBarProtocol.swift in Sources */,
				5C7C970B2B65573900E40589 /* SearchListViewController.swift in Sources */,
				5C7C97002B65571100E40589 /* SearchListBuilder.swift in Sources */,
			);
			runOnlyForDeploymentPostprocessing = 0;
		};
		5C7C95AA2B64614500E40589 /* Sources */ = {
			isa = PBXSourcesBuildPhase;
			buildActionMask = 2147483647;
			files = (
				5C7C95B32B64614500E40589 /* ITuneSearchTests.swift in Sources */,
			);
			runOnlyForDeploymentPostprocessing = 0;
		};
		5C7C95B42B64614500E40589 /* Sources */ = {
			isa = PBXSourcesBuildPhase;
			buildActionMask = 2147483647;
			files = (
				5C7C95BF2B64614500E40589 /* ITuneSearchUITestsLaunchTests.swift in Sources */,
				5C7C95BD2B64614500E40589 /* ITuneSearchUITests.swift in Sources */,
			);
			runOnlyForDeploymentPostprocessing = 0;
		};
		5C7C96212B64688900E40589 /* Sources */ = {
			isa = PBXSourcesBuildPhase;
			buildActionMask = 2147483647;
			files = (
				5C7C96572B6471F000E40589 /* SearchResponseModel.swift in Sources */,
				5C7C96442B6469BE00E40589 /* ITSNetworkEndpointGroup.swift in Sources */,
				5C7C96522B64712400E40589 /* ITSReachabilityListenerProtocol.swift in Sources */,
				5C7C96462B6469DF00E40589 /* ITSNetworkServiceProtocol.swift in Sources */,
				5C7C964B2B646EF100E40589 /* ITSNetworkService.swift in Sources */,
				5C7C96542B64714600E40589 /* ITSReachabilityListener.swift in Sources */,
			);
			runOnlyForDeploymentPostprocessing = 0;
		};
		5C7C96282B64688900E40589 /* Sources */ = {
			isa = PBXSourcesBuildPhase;
			buildActionMask = 2147483647;
			files = (
				5C7C96342B64688900E40589 /* ITSNetworkTests.swift in Sources */,
			);
			runOnlyForDeploymentPostprocessing = 0;
		};
		5C7C96692B650BDD00E40589 /* Sources */ = {
			isa = PBXSourcesBuildPhase;
			buildActionMask = 2147483647;
			files = (
				5C7C96A02B65199E00E40589 /* UINavigationController+Ext.swift in Sources */,
				5C7C972E2B657E7B00E40589 /* Bundle+Ext.swift in Sources */,
				5C7C97302B657F3000E40589 /* UIViewController+Ext.swift in Sources */,
				5C7C968C2B650C8400E40589 /* ITSImageService.swift in Sources */,
				5C7C97172B655E0B00E40589 /* UIView+Ext.swift in Sources */,
				5C7C96BF2B6521CF00E40589 /* ITSJailbreakProtocol.swift in Sources */,
				5C7C968A2B650C4800E40589 /* ITSImageServiceProtocol.swift in Sources */,
				5C7C96C12B65221400E40589 /* ITSJailbreak.swift in Sources */,
				5C7C968F2B650CF200E40589 /* ITSImageStorageProtocol.swift in Sources */,
				5C7C96982B65122F00E40589 /* DateFormatter+Ext.swift in Sources */,
				5C7C96912B650D3700E40589 /* ITSImageStorageURLCache.swift in Sources */,
				5C7C969C2B65140200E40589 /* Int+Ext.swift in Sources */,
				5C7C969A2B65130F00E40589 /* Array+Ext.swift in Sources */,
				5C7C96942B65105F00E40589 /* UICollectionView+Ext.swift in Sources */,
				5C7C96A32B651B2A00E40589 /* ITSLocalization.swift in Sources */,
				5C7C969E2B65143900E40589 /* String+Ext.swift in Sources */,
				5C7C96962B6511C500E40589 /* NSObject+Ext.swift in Sources */,
			);
			runOnlyForDeploymentPostprocessing = 0;
		};
		5C7C96702B650BDD00E40589 /* Sources */ = {
			isa = PBXSourcesBuildPhase;
			buildActionMask = 2147483647;
			files = (
				5C7C967C2B650BDD00E40589 /* ITSUtilsTests.swift in Sources */,
			);
			runOnlyForDeploymentPostprocessing = 0;
		};
/* End PBXSourcesBuildPhase section */

/* Begin PBXTargetDependency section */
		5C7C95B02B64614500E40589 /* PBXTargetDependency */ = {
			isa = PBXTargetDependency;
			target = 5C7C95972B64614500E40589 /* ITuneSearch */;
			targetProxy = 5C7C95AF2B64614500E40589 /* PBXContainerItemProxy */;
		};
		5C7C95BA2B64614500E40589 /* PBXTargetDependency */ = {
			isa = PBXTargetDependency;
			target = 5C7C95972B64614500E40589 /* ITuneSearch */;
			targetProxy = 5C7C95B92B64614500E40589 /* PBXContainerItemProxy */;
		};
		5C7C962F2B64688900E40589 /* PBXTargetDependency */ = {
			isa = PBXTargetDependency;
			target = 5C7C96242B64688900E40589 /* ITSNetwork */;
			targetProxy = 5C7C962E2B64688900E40589 /* PBXContainerItemProxy */;
		};
		5C7C96312B64688900E40589 /* PBXTargetDependency */ = {
			isa = PBXTargetDependency;
			target = 5C7C95972B64614500E40589 /* ITuneSearch */;
			targetProxy = 5C7C96302B64688900E40589 /* PBXContainerItemProxy */;
		};
		5C7C96372B64688900E40589 /* PBXTargetDependency */ = {
			isa = PBXTargetDependency;
			target = 5C7C96242B64688900E40589 /* ITSNetwork */;
			targetProxy = 5C7C96362B64688900E40589 /* PBXContainerItemProxy */;
		};
		5C7C96772B650BDD00E40589 /* PBXTargetDependency */ = {
			isa = PBXTargetDependency;
			target = 5C7C966C2B650BDD00E40589 /* ITSUtils */;
			targetProxy = 5C7C96762B650BDD00E40589 /* PBXContainerItemProxy */;
		};
		5C7C96792B650BDD00E40589 /* PBXTargetDependency */ = {
			isa = PBXTargetDependency;
			target = 5C7C95972B64614500E40589 /* ITuneSearch */;
			targetProxy = 5C7C96782B650BDD00E40589 /* PBXContainerItemProxy */;
		};
		5C7C967F2B650BDD00E40589 /* PBXTargetDependency */ = {
			isa = PBXTargetDependency;
			target = 5C7C966C2B650BDD00E40589 /* ITSUtils */;
			targetProxy = 5C7C967E2B650BDD00E40589 /* PBXContainerItemProxy */;
		};
/* End PBXTargetDependency section */

/* Begin PBXVariantGroup section */
		5C7C95A62B64614500E40589 /* LaunchScreen.storyboard */ = {
			isa = PBXVariantGroup;
			children = (
				5C7C95A72B64614500E40589 /* Base */,
				5C7C96A42B651BE600E40589 /* tr */,
				5C7C96A52B651C3B00E40589 /* en */,
			);
			name = LaunchScreen.storyboard;
			sourceTree = "<group>";
		};
		5C7C96AA2B651C8800E40589 /* Localizable.strings */ = {
			isa = PBXVariantGroup;
			children = (
				5C7C96A92B651C8800E40589 /* en */,
				5C7C96AB2B651C8A00E40589 /* tr */,
			);
			name = Localizable.strings;
			sourceTree = "<group>";
		};
/* End PBXVariantGroup section */

/* Begin XCBuildConfiguration section */
		5C7C95C02B64614500E40589 /* Debug */ = {
			isa = XCBuildConfiguration;
			buildSettings = {
				ALWAYS_SEARCH_USER_PATHS = NO;
				ASSETCATALOG_COMPILER_GENERATE_SWIFT_ASSET_SYMBOL_EXTENSIONS = YES;
				CLANG_ANALYZER_LOCALIZABILITY_NONLOCALIZED = YES;
				CLANG_ANALYZER_NONNULL = YES;
				CLANG_ANALYZER_NUMBER_OBJECT_CONVERSION = YES_AGGRESSIVE;
				CLANG_CXX_LANGUAGE_STANDARD = "gnu++20";
				CLANG_ENABLE_MODULES = YES;
				CLANG_ENABLE_OBJC_ARC = YES;
				CLANG_ENABLE_OBJC_WEAK = YES;
				CLANG_WARN_BLOCK_CAPTURE_AUTORELEASING = YES;
				CLANG_WARN_BOOL_CONVERSION = YES;
				CLANG_WARN_COMMA = YES;
				CLANG_WARN_CONSTANT_CONVERSION = YES;
				CLANG_WARN_DEPRECATED_OBJC_IMPLEMENTATIONS = YES;
				CLANG_WARN_DIRECT_OBJC_ISA_USAGE = YES_ERROR;
				CLANG_WARN_DOCUMENTATION_COMMENTS = YES;
				CLANG_WARN_EMPTY_BODY = YES;
				CLANG_WARN_ENUM_CONVERSION = YES;
				CLANG_WARN_INFINITE_RECURSION = YES;
				CLANG_WARN_INT_CONVERSION = YES;
				CLANG_WARN_NON_LITERAL_NULL_CONVERSION = YES;
				CLANG_WARN_OBJC_IMPLICIT_RETAIN_SELF = YES;
				CLANG_WARN_OBJC_LITERAL_CONVERSION = YES;
				CLANG_WARN_OBJC_ROOT_CLASS = YES_ERROR;
				CLANG_WARN_QUOTED_INCLUDE_IN_FRAMEWORK_HEADER = YES;
				CLANG_WARN_RANGE_LOOP_ANALYSIS = YES;
				CLANG_WARN_STRICT_PROTOTYPES = YES;
				CLANG_WARN_SUSPICIOUS_MOVE = YES;
				CLANG_WARN_UNGUARDED_AVAILABILITY = YES_AGGRESSIVE;
				CLANG_WARN_UNREACHABLE_CODE = YES;
				CLANG_WARN__DUPLICATE_METHOD_MATCH = YES;
				COPY_PHASE_STRIP = NO;
				DEBUG_INFORMATION_FORMAT = dwarf;
				ENABLE_STRICT_OBJC_MSGSEND = YES;
				ENABLE_TESTABILITY = YES;
				ENABLE_USER_SCRIPT_SANDBOXING = YES;
				GCC_C_LANGUAGE_STANDARD = gnu17;
				GCC_DYNAMIC_NO_PIC = NO;
				GCC_NO_COMMON_BLOCKS = YES;
				GCC_OPTIMIZATION_LEVEL = 0;
				GCC_PREPROCESSOR_DEFINITIONS = (
					"DEBUG=1",
					"$(inherited)",
				);
				GCC_WARN_64_TO_32_BIT_CONVERSION = YES;
				GCC_WARN_ABOUT_RETURN_TYPE = YES_ERROR;
				GCC_WARN_UNDECLARED_SELECTOR = YES;
				GCC_WARN_UNINITIALIZED_AUTOS = YES_AGGRESSIVE;
				GCC_WARN_UNUSED_FUNCTION = YES;
				GCC_WARN_UNUSED_VARIABLE = YES;
				LOCALIZATION_PREFERS_STRING_CATALOGS = YES;
				MTL_ENABLE_DEBUG_INFO = INCLUDE_SOURCE;
				MTL_FAST_MATH = YES;
				ONLY_ACTIVE_ARCH = YES;
				SDKROOT = iphoneos;
				SWIFT_ACTIVE_COMPILATION_CONDITIONS = "DEBUG $(inherited)";
				SWIFT_OPTIMIZATION_LEVEL = "-Onone";
			};
			name = Debug;
		};
		5C7C95C12B64614500E40589 /* Release */ = {
			isa = XCBuildConfiguration;
			buildSettings = {
				ALWAYS_SEARCH_USER_PATHS = NO;
				ASSETCATALOG_COMPILER_GENERATE_SWIFT_ASSET_SYMBOL_EXTENSIONS = YES;
				CLANG_ANALYZER_LOCALIZABILITY_NONLOCALIZED = YES;
				CLANG_ANALYZER_NONNULL = YES;
				CLANG_ANALYZER_NUMBER_OBJECT_CONVERSION = YES_AGGRESSIVE;
				CLANG_CXX_LANGUAGE_STANDARD = "gnu++20";
				CLANG_ENABLE_MODULES = YES;
				CLANG_ENABLE_OBJC_ARC = YES;
				CLANG_ENABLE_OBJC_WEAK = YES;
				CLANG_WARN_BLOCK_CAPTURE_AUTORELEASING = YES;
				CLANG_WARN_BOOL_CONVERSION = YES;
				CLANG_WARN_COMMA = YES;
				CLANG_WARN_CONSTANT_CONVERSION = YES;
				CLANG_WARN_DEPRECATED_OBJC_IMPLEMENTATIONS = YES;
				CLANG_WARN_DIRECT_OBJC_ISA_USAGE = YES_ERROR;
				CLANG_WARN_DOCUMENTATION_COMMENTS = YES;
				CLANG_WARN_EMPTY_BODY = YES;
				CLANG_WARN_ENUM_CONVERSION = YES;
				CLANG_WARN_INFINITE_RECURSION = YES;
				CLANG_WARN_INT_CONVERSION = YES;
				CLANG_WARN_NON_LITERAL_NULL_CONVERSION = YES;
				CLANG_WARN_OBJC_IMPLICIT_RETAIN_SELF = YES;
				CLANG_WARN_OBJC_LITERAL_CONVERSION = YES;
				CLANG_WARN_OBJC_ROOT_CLASS = YES_ERROR;
				CLANG_WARN_QUOTED_INCLUDE_IN_FRAMEWORK_HEADER = YES;
				CLANG_WARN_RANGE_LOOP_ANALYSIS = YES;
				CLANG_WARN_STRICT_PROTOTYPES = YES;
				CLANG_WARN_SUSPICIOUS_MOVE = YES;
				CLANG_WARN_UNGUARDED_AVAILABILITY = YES_AGGRESSIVE;
				CLANG_WARN_UNREACHABLE_CODE = YES;
				CLANG_WARN__DUPLICATE_METHOD_MATCH = YES;
				COPY_PHASE_STRIP = NO;
				DEBUG_INFORMATION_FORMAT = "dwarf-with-dsym";
				ENABLE_NS_ASSERTIONS = NO;
				ENABLE_STRICT_OBJC_MSGSEND = YES;
				ENABLE_USER_SCRIPT_SANDBOXING = YES;
				GCC_C_LANGUAGE_STANDARD = gnu17;
				GCC_NO_COMMON_BLOCKS = YES;
				GCC_WARN_64_TO_32_BIT_CONVERSION = YES;
				GCC_WARN_ABOUT_RETURN_TYPE = YES_ERROR;
				GCC_WARN_UNDECLARED_SELECTOR = YES;
				GCC_WARN_UNINITIALIZED_AUTOS = YES_AGGRESSIVE;
				GCC_WARN_UNUSED_FUNCTION = YES;
				GCC_WARN_UNUSED_VARIABLE = YES;
				LOCALIZATION_PREFERS_STRING_CATALOGS = YES;
				MTL_ENABLE_DEBUG_INFO = NO;
				MTL_FAST_MATH = YES;
				SDKROOT = iphoneos;
				SWIFT_COMPILATION_MODE = wholemodule;
				VALIDATE_PRODUCT = YES;
			};
			name = Release;
		};
		5C7C95C32B64614600E40589 /* Debug */ = {
			isa = XCBuildConfiguration;
			buildSettings = {
				ALWAYS_EMBED_SWIFT_STANDARD_LIBRARIES = YES;
				ASSETCATALOG_COMPILER_APPICON_NAME = AppIcon;
				ASSETCATALOG_COMPILER_GLOBAL_ACCENT_COLOR_NAME = AccentColor;
				CODE_SIGN_STYLE = Automatic;
				CURRENT_PROJECT_VERSION = 1;
				GENERATE_INFOPLIST_FILE = YES;
				INFOPLIST_FILE = ITuneSearch/Info.plist;
				INFOPLIST_KEY_LSApplicationCategoryType = "public.app-category.entertainment";
				INFOPLIST_KEY_NSUserTrackingUsageDescription = "Permission ATT";
				INFOPLIST_KEY_UIApplicationSupportsIndirectInputEvents = YES;
				INFOPLIST_KEY_UILaunchStoryboardName = LaunchScreen;
				INFOPLIST_KEY_UIMainStoryboardFile = "";
				INFOPLIST_KEY_UISupportedInterfaceOrientations = UIInterfaceOrientationPortrait;
				INFOPLIST_KEY_UISupportedInterfaceOrientations_iPad = "UIInterfaceOrientationLandscapeLeft UIInterfaceOrientationLandscapeRight UIInterfaceOrientationPortrait UIInterfaceOrientationPortraitUpsideDown";
				IPHONEOS_DEPLOYMENT_TARGET = 13.0;
				LD_RUNPATH_SEARCH_PATHS = (
					"$(inherited)",
					"@executable_path/Frameworks",
				);
				MARKETING_VERSION = 1.0.0;
				PRODUCT_BUNDLE_IDENTIFIER = com.oguzzylcn.ITuneSearch;
				PRODUCT_NAME = "$(TARGET_NAME)";
				SUPPORTED_PLATFORMS = "iphoneos iphonesimulator";
				SUPPORTS_MACCATALYST = NO;
				SUPPORTS_MAC_DESIGNED_FOR_IPHONE_IPAD = NO;
				SWIFT_EMIT_LOC_STRINGS = YES;
				SWIFT_VERSION = 5.0;
				TARGETED_DEVICE_FAMILY = 1;
			};
			name = Debug;
		};
		5C7C95C42B64614600E40589 /* Release */ = {
			isa = XCBuildConfiguration;
			buildSettings = {
				ALWAYS_EMBED_SWIFT_STANDARD_LIBRARIES = YES;
				ASSETCATALOG_COMPILER_APPICON_NAME = AppIcon;
				ASSETCATALOG_COMPILER_GLOBAL_ACCENT_COLOR_NAME = AccentColor;
				CODE_SIGN_STYLE = Automatic;
				CURRENT_PROJECT_VERSION = 1;
				GENERATE_INFOPLIST_FILE = YES;
				INFOPLIST_FILE = ITuneSearch/Info.plist;
				INFOPLIST_KEY_LSApplicationCategoryType = "public.app-category.entertainment";
				INFOPLIST_KEY_NSUserTrackingUsageDescription = "Permission ATT";
				INFOPLIST_KEY_UIApplicationSupportsIndirectInputEvents = YES;
				INFOPLIST_KEY_UILaunchStoryboardName = LaunchScreen;
				INFOPLIST_KEY_UIMainStoryboardFile = "";
				INFOPLIST_KEY_UISupportedInterfaceOrientations = UIInterfaceOrientationPortrait;
				INFOPLIST_KEY_UISupportedInterfaceOrientations_iPad = "UIInterfaceOrientationLandscapeLeft UIInterfaceOrientationLandscapeRight UIInterfaceOrientationPortrait UIInterfaceOrientationPortraitUpsideDown";
				IPHONEOS_DEPLOYMENT_TARGET = 13.0;
				LD_RUNPATH_SEARCH_PATHS = (
					"$(inherited)",
					"@executable_path/Frameworks",
				);
				MARKETING_VERSION = 1.0.0;
				PRODUCT_BUNDLE_IDENTIFIER = com.oguzzylcn.ITuneSearch;
				PRODUCT_NAME = "$(TARGET_NAME)";
				SUPPORTED_PLATFORMS = "iphoneos iphonesimulator";
				SUPPORTS_MACCATALYST = NO;
				SUPPORTS_MAC_DESIGNED_FOR_IPHONE_IPAD = NO;
				SWIFT_EMIT_LOC_STRINGS = YES;
				SWIFT_VERSION = 5.0;
				TARGETED_DEVICE_FAMILY = 1;
			};
			name = Release;
		};
		5C7C95C62B64614600E40589 /* Debug */ = {
			isa = XCBuildConfiguration;
			buildSettings = {
				ALWAYS_EMBED_SWIFT_STANDARD_LIBRARIES = YES;
				BUNDLE_LOADER = "$(TEST_HOST)";
				CODE_SIGN_STYLE = Automatic;
				CURRENT_PROJECT_VERSION = 1;
				GENERATE_INFOPLIST_FILE = YES;
				IPHONEOS_DEPLOYMENT_TARGET = 17.0;
				MARKETING_VERSION = 1.0;
				PRODUCT_BUNDLE_IDENTIFIER = com.oguzzylcn.ITuneSearchTests;
				PRODUCT_NAME = "$(TARGET_NAME)";
				SWIFT_EMIT_LOC_STRINGS = NO;
				SWIFT_VERSION = 5.0;
				TARGETED_DEVICE_FAMILY = "1,2";
				TEST_HOST = "$(BUILT_PRODUCTS_DIR)/ITuneSearch.app/$(BUNDLE_EXECUTABLE_FOLDER_PATH)/ITuneSearch";
			};
			name = Debug;
		};
		5C7C95C72B64614600E40589 /* Release */ = {
			isa = XCBuildConfiguration;
			buildSettings = {
				ALWAYS_EMBED_SWIFT_STANDARD_LIBRARIES = YES;
				BUNDLE_LOADER = "$(TEST_HOST)";
				CODE_SIGN_STYLE = Automatic;
				CURRENT_PROJECT_VERSION = 1;
				GENERATE_INFOPLIST_FILE = YES;
				IPHONEOS_DEPLOYMENT_TARGET = 17.0;
				MARKETING_VERSION = 1.0;
				PRODUCT_BUNDLE_IDENTIFIER = com.oguzzylcn.ITuneSearchTests;
				PRODUCT_NAME = "$(TARGET_NAME)";
				SWIFT_EMIT_LOC_STRINGS = NO;
				SWIFT_VERSION = 5.0;
				TARGETED_DEVICE_FAMILY = "1,2";
				TEST_HOST = "$(BUILT_PRODUCTS_DIR)/ITuneSearch.app/$(BUNDLE_EXECUTABLE_FOLDER_PATH)/ITuneSearch";
			};
			name = Release;
		};
		5C7C95C92B64614600E40589 /* Debug */ = {
			isa = XCBuildConfiguration;
			buildSettings = {
				ALWAYS_EMBED_SWIFT_STANDARD_LIBRARIES = YES;
				CODE_SIGN_STYLE = Automatic;
				CURRENT_PROJECT_VERSION = 1;
				GENERATE_INFOPLIST_FILE = YES;
				MARKETING_VERSION = 1.0;
				PRODUCT_BUNDLE_IDENTIFIER = com.oguzzylcn.ITuneSearchUITests;
				PRODUCT_NAME = "$(TARGET_NAME)";
				SWIFT_EMIT_LOC_STRINGS = NO;
				SWIFT_VERSION = 5.0;
				TARGETED_DEVICE_FAMILY = "1,2";
				TEST_TARGET_NAME = ITuneSearch;
			};
			name = Debug;
		};
		5C7C95CA2B64614600E40589 /* Release */ = {
			isa = XCBuildConfiguration;
			buildSettings = {
				ALWAYS_EMBED_SWIFT_STANDARD_LIBRARIES = YES;
				CODE_SIGN_STYLE = Automatic;
				CURRENT_PROJECT_VERSION = 1;
				GENERATE_INFOPLIST_FILE = YES;
				MARKETING_VERSION = 1.0;
				PRODUCT_BUNDLE_IDENTIFIER = com.oguzzylcn.ITuneSearchUITests;
				PRODUCT_NAME = "$(TARGET_NAME)";
				SWIFT_EMIT_LOC_STRINGS = NO;
				SWIFT_VERSION = 5.0;
				TARGETED_DEVICE_FAMILY = "1,2";
				TEST_TARGET_NAME = ITuneSearch;
			};
			name = Release;
		};
		5C7C963B2B64688900E40589 /* Debug */ = {
			isa = XCBuildConfiguration;
			buildSettings = {
				CLANG_ENABLE_MODULES = YES;
				CODE_SIGN_STYLE = Automatic;
				CURRENT_PROJECT_VERSION = 1;
				DEFINES_MODULE = YES;
				DYLIB_COMPATIBILITY_VERSION = 1;
				DYLIB_CURRENT_VERSION = 1;
				DYLIB_INSTALL_NAME_BASE = "@rpath";
				ENABLE_MODULE_VERIFIER = YES;
				GENERATE_INFOPLIST_FILE = YES;
				INFOPLIST_KEY_NSHumanReadableCopyright = "";
				INSTALL_PATH = "$(LOCAL_LIBRARY_DIR)/Frameworks";
				IPHONEOS_DEPLOYMENT_TARGET = 13.0;
				LD_RUNPATH_SEARCH_PATHS = (
					"$(inherited)",
					"@executable_path/Frameworks",
					"@loader_path/Frameworks",
				);
				MARKETING_VERSION = 1.0;
				MODULE_VERIFIER_SUPPORTED_LANGUAGES = "objective-c objective-c++";
				MODULE_VERIFIER_SUPPORTED_LANGUAGE_STANDARDS = "gnu17 gnu++20";
				PRODUCT_BUNDLE_IDENTIFIER = com.oguzzylcn.ITSNetwork;
				PRODUCT_NAME = "$(TARGET_NAME:c99extidentifier)";
				SKIP_INSTALL = YES;
				SUPPORTED_PLATFORMS = "iphoneos iphonesimulator";
				SUPPORTS_MACCATALYST = NO;
				SUPPORTS_MAC_DESIGNED_FOR_IPHONE_IPAD = NO;
				SWIFT_EMIT_LOC_STRINGS = YES;
				SWIFT_OPTIMIZATION_LEVEL = "-Onone";
				SWIFT_VERSION = 5.0;
				TARGETED_DEVICE_FAMILY = 1;
				VERSIONING_SYSTEM = "apple-generic";
				VERSION_INFO_PREFIX = "";
			};
			name = Debug;
		};
		5C7C963C2B64688900E40589 /* Release */ = {
			isa = XCBuildConfiguration;
			buildSettings = {
				CLANG_ENABLE_MODULES = YES;
				CODE_SIGN_STYLE = Automatic;
				CURRENT_PROJECT_VERSION = 1;
				DEFINES_MODULE = YES;
				DYLIB_COMPATIBILITY_VERSION = 1;
				DYLIB_CURRENT_VERSION = 1;
				DYLIB_INSTALL_NAME_BASE = "@rpath";
				ENABLE_MODULE_VERIFIER = YES;
				GENERATE_INFOPLIST_FILE = YES;
				INFOPLIST_KEY_NSHumanReadableCopyright = "";
				INSTALL_PATH = "$(LOCAL_LIBRARY_DIR)/Frameworks";
				IPHONEOS_DEPLOYMENT_TARGET = 13.0;
				LD_RUNPATH_SEARCH_PATHS = (
					"$(inherited)",
					"@executable_path/Frameworks",
					"@loader_path/Frameworks",
				);
				MARKETING_VERSION = 1.0;
				MODULE_VERIFIER_SUPPORTED_LANGUAGES = "objective-c objective-c++";
				MODULE_VERIFIER_SUPPORTED_LANGUAGE_STANDARDS = "gnu17 gnu++20";
				PRODUCT_BUNDLE_IDENTIFIER = com.oguzzylcn.ITSNetwork;
				PRODUCT_NAME = "$(TARGET_NAME:c99extidentifier)";
				SKIP_INSTALL = YES;
				SUPPORTED_PLATFORMS = "iphoneos iphonesimulator";
				SUPPORTS_MACCATALYST = NO;
				SUPPORTS_MAC_DESIGNED_FOR_IPHONE_IPAD = NO;
				SWIFT_EMIT_LOC_STRINGS = YES;
				SWIFT_VERSION = 5.0;
				TARGETED_DEVICE_FAMILY = 1;
				VERSIONING_SYSTEM = "apple-generic";
				VERSION_INFO_PREFIX = "";
			};
			name = Release;
		};
		5C7C963D2B64688900E40589 /* Debug */ = {
			isa = XCBuildConfiguration;
			buildSettings = {
				ALWAYS_EMBED_SWIFT_STANDARD_LIBRARIES = YES;
				CODE_SIGN_STYLE = Automatic;
				CURRENT_PROJECT_VERSION = 1;
				GENERATE_INFOPLIST_FILE = YES;
				IPHONEOS_DEPLOYMENT_TARGET = 13.0;
				MARKETING_VERSION = 1.0;
				PRODUCT_BUNDLE_IDENTIFIER = com.oguzzylcn.ITSNetworkTests;
				PRODUCT_NAME = "$(TARGET_NAME)";
				SUPPORTED_PLATFORMS = "iphoneos iphonesimulator";
				SUPPORTS_MACCATALYST = NO;
				SUPPORTS_MAC_DESIGNED_FOR_IPHONE_IPAD = NO;
				SWIFT_EMIT_LOC_STRINGS = NO;
				SWIFT_VERSION = 5.0;
				TARGETED_DEVICE_FAMILY = 1;
				TEST_HOST = "$(BUILT_PRODUCTS_DIR)/ITuneSearch.app/$(BUNDLE_EXECUTABLE_FOLDER_PATH)/ITuneSearch";
			};
			name = Debug;
		};
		5C7C963E2B64688900E40589 /* Release */ = {
			isa = XCBuildConfiguration;
			buildSettings = {
				ALWAYS_EMBED_SWIFT_STANDARD_LIBRARIES = YES;
				CODE_SIGN_STYLE = Automatic;
				CURRENT_PROJECT_VERSION = 1;
				GENERATE_INFOPLIST_FILE = YES;
				IPHONEOS_DEPLOYMENT_TARGET = 13.0;
				MARKETING_VERSION = 1.0;
				PRODUCT_BUNDLE_IDENTIFIER = com.oguzzylcn.ITSNetworkTests;
				PRODUCT_NAME = "$(TARGET_NAME)";
				SUPPORTED_PLATFORMS = "iphoneos iphonesimulator";
				SUPPORTS_MACCATALYST = NO;
				SUPPORTS_MAC_DESIGNED_FOR_IPHONE_IPAD = NO;
				SWIFT_EMIT_LOC_STRINGS = NO;
				SWIFT_VERSION = 5.0;
				TARGETED_DEVICE_FAMILY = 1;
				TEST_HOST = "$(BUILT_PRODUCTS_DIR)/ITuneSearch.app/$(BUNDLE_EXECUTABLE_FOLDER_PATH)/ITuneSearch";
			};
			name = Release;
		};
		5C7C96822B650BDD00E40589 /* Debug */ = {
			isa = XCBuildConfiguration;
			buildSettings = {
				CLANG_ENABLE_MODULES = YES;
				CODE_SIGN_STYLE = Automatic;
				CURRENT_PROJECT_VERSION = 1;
				DEFINES_MODULE = YES;
				DYLIB_COMPATIBILITY_VERSION = 1;
				DYLIB_CURRENT_VERSION = 1;
				DYLIB_INSTALL_NAME_BASE = "@rpath";
				ENABLE_MODULE_VERIFIER = YES;
				GENERATE_INFOPLIST_FILE = YES;
				INFOPLIST_KEY_NSHumanReadableCopyright = "";
				INSTALL_PATH = "$(LOCAL_LIBRARY_DIR)/Frameworks";
				IPHONEOS_DEPLOYMENT_TARGET = 13.0;
				LD_RUNPATH_SEARCH_PATHS = (
					"$(inherited)",
					"@executable_path/Frameworks",
					"@loader_path/Frameworks",
				);
				MARKETING_VERSION = 1.0;
				MODULE_VERIFIER_SUPPORTED_LANGUAGES = "objective-c objective-c++";
				MODULE_VERIFIER_SUPPORTED_LANGUAGE_STANDARDS = "gnu17 gnu++20";
				PRODUCT_BUNDLE_IDENTIFIER = com.oguzzylcn.ITSUtils;
				PRODUCT_NAME = "$(TARGET_NAME:c99extidentifier)";
				SKIP_INSTALL = YES;
				SUPPORTED_PLATFORMS = "iphoneos iphonesimulator";
				SUPPORTS_MACCATALYST = NO;
				SUPPORTS_MAC_DESIGNED_FOR_IPHONE_IPAD = NO;
				SWIFT_EMIT_LOC_STRINGS = YES;
				SWIFT_OPTIMIZATION_LEVEL = "-Onone";
				SWIFT_VERSION = 5.0;
				TARGETED_DEVICE_FAMILY = 1;
				VERSIONING_SYSTEM = "apple-generic";
				VERSION_INFO_PREFIX = "";
			};
			name = Debug;
		};
		5C7C96832B650BDD00E40589 /* Release */ = {
			isa = XCBuildConfiguration;
			buildSettings = {
				CLANG_ENABLE_MODULES = YES;
				CODE_SIGN_STYLE = Automatic;
				CURRENT_PROJECT_VERSION = 1;
				DEFINES_MODULE = YES;
				DYLIB_COMPATIBILITY_VERSION = 1;
				DYLIB_CURRENT_VERSION = 1;
				DYLIB_INSTALL_NAME_BASE = "@rpath";
				ENABLE_MODULE_VERIFIER = YES;
				GENERATE_INFOPLIST_FILE = YES;
				INFOPLIST_KEY_NSHumanReadableCopyright = "";
				INSTALL_PATH = "$(LOCAL_LIBRARY_DIR)/Frameworks";
				IPHONEOS_DEPLOYMENT_TARGET = 13.0;
				LD_RUNPATH_SEARCH_PATHS = (
					"$(inherited)",
					"@executable_path/Frameworks",
					"@loader_path/Frameworks",
				);
				MARKETING_VERSION = 1.0;
				MODULE_VERIFIER_SUPPORTED_LANGUAGES = "objective-c objective-c++";
				MODULE_VERIFIER_SUPPORTED_LANGUAGE_STANDARDS = "gnu17 gnu++20";
				PRODUCT_BUNDLE_IDENTIFIER = com.oguzzylcn.ITSUtils;
				PRODUCT_NAME = "$(TARGET_NAME:c99extidentifier)";
				SKIP_INSTALL = YES;
				SUPPORTED_PLATFORMS = "iphoneos iphonesimulator";
				SUPPORTS_MACCATALYST = NO;
				SUPPORTS_MAC_DESIGNED_FOR_IPHONE_IPAD = NO;
				SWIFT_EMIT_LOC_STRINGS = YES;
				SWIFT_VERSION = 5.0;
				TARGETED_DEVICE_FAMILY = 1;
				VERSIONING_SYSTEM = "apple-generic";
				VERSION_INFO_PREFIX = "";
			};
			name = Release;
		};
		5C7C96842B650BDD00E40589 /* Debug */ = {
			isa = XCBuildConfiguration;
			buildSettings = {
				ALWAYS_EMBED_SWIFT_STANDARD_LIBRARIES = YES;
				CODE_SIGN_STYLE = Automatic;
				CURRENT_PROJECT_VERSION = 1;
				GENERATE_INFOPLIST_FILE = YES;
				IPHONEOS_DEPLOYMENT_TARGET = 13.0;
				MARKETING_VERSION = 1.0;
				PRODUCT_BUNDLE_IDENTIFIER = com.oguzzylcn.ITSUtilsTests;
				PRODUCT_NAME = "$(TARGET_NAME)";
				SUPPORTED_PLATFORMS = "iphoneos iphonesimulator";
				SUPPORTS_MACCATALYST = NO;
				SUPPORTS_MAC_DESIGNED_FOR_IPHONE_IPAD = NO;
				SWIFT_EMIT_LOC_STRINGS = NO;
				SWIFT_VERSION = 5.0;
				TARGETED_DEVICE_FAMILY = 1;
				TEST_HOST = "$(BUILT_PRODUCTS_DIR)/ITuneSearch.app/$(BUNDLE_EXECUTABLE_FOLDER_PATH)/ITuneSearch";
			};
			name = Debug;
		};
		5C7C96852B650BDD00E40589 /* Release */ = {
			isa = XCBuildConfiguration;
			buildSettings = {
				ALWAYS_EMBED_SWIFT_STANDARD_LIBRARIES = YES;
				CODE_SIGN_STYLE = Automatic;
				CURRENT_PROJECT_VERSION = 1;
				GENERATE_INFOPLIST_FILE = YES;
				IPHONEOS_DEPLOYMENT_TARGET = 13.0;
				MARKETING_VERSION = 1.0;
				PRODUCT_BUNDLE_IDENTIFIER = com.oguzzylcn.ITSUtilsTests;
				PRODUCT_NAME = "$(TARGET_NAME)";
				SUPPORTED_PLATFORMS = "iphoneos iphonesimulator";
				SUPPORTS_MACCATALYST = NO;
				SUPPORTS_MAC_DESIGNED_FOR_IPHONE_IPAD = NO;
				SWIFT_EMIT_LOC_STRINGS = NO;
				SWIFT_VERSION = 5.0;
				TARGETED_DEVICE_FAMILY = 1;
				TEST_HOST = "$(BUILT_PRODUCTS_DIR)/ITuneSearch.app/$(BUNDLE_EXECUTABLE_FOLDER_PATH)/ITuneSearch";
			};
			name = Release;
		};
/* End XCBuildConfiguration section */

/* Begin XCConfigurationList section */
		5C7C95932B64614500E40589 /* Build configuration list for PBXProject "ITuneSearch" */ = {
			isa = XCConfigurationList;
			buildConfigurations = (
				5C7C95C02B64614500E40589 /* Debug */,
				5C7C95C12B64614500E40589 /* Release */,
			);
			defaultConfigurationIsVisible = 0;
			defaultConfigurationName = Release;
		};
		5C7C95C22B64614600E40589 /* Build configuration list for PBXNativeTarget "ITuneSearch" */ = {
			isa = XCConfigurationList;
			buildConfigurations = (
				5C7C95C32B64614600E40589 /* Debug */,
				5C7C95C42B64614600E40589 /* Release */,
			);
			defaultConfigurationIsVisible = 0;
			defaultConfigurationName = Release;
		};
		5C7C95C52B64614600E40589 /* Build configuration list for PBXNativeTarget "ITuneSearchTests" */ = {
			isa = XCConfigurationList;
			buildConfigurations = (
				5C7C95C62B64614600E40589 /* Debug */,
				5C7C95C72B64614600E40589 /* Release */,
			);
			defaultConfigurationIsVisible = 0;
			defaultConfigurationName = Release;
		};
		5C7C95C82B64614600E40589 /* Build configuration list for PBXNativeTarget "ITuneSearchUITests" */ = {
			isa = XCConfigurationList;
			buildConfigurations = (
				5C7C95C92B64614600E40589 /* Debug */,
				5C7C95CA2B64614600E40589 /* Release */,
			);
			defaultConfigurationIsVisible = 0;
			defaultConfigurationName = Release;
		};
		5C7C963F2B64688900E40589 /* Build configuration list for PBXNativeTarget "ITSNetwork" */ = {
			isa = XCConfigurationList;
			buildConfigurations = (
				5C7C963B2B64688900E40589 /* Debug */,
				5C7C963C2B64688900E40589 /* Release */,
			);
			defaultConfigurationIsVisible = 0;
			defaultConfigurationName = Release;
		};
		5C7C96402B64688900E40589 /* Build configuration list for PBXNativeTarget "ITSNetworkTests" */ = {
			isa = XCConfigurationList;
			buildConfigurations = (
				5C7C963D2B64688900E40589 /* Debug */,
				5C7C963E2B64688900E40589 /* Release */,
			);
			defaultConfigurationIsVisible = 0;
			defaultConfigurationName = Release;
		};
		5C7C96862B650BDD00E40589 /* Build configuration list for PBXNativeTarget "ITSUtils" */ = {
			isa = XCConfigurationList;
			buildConfigurations = (
				5C7C96822B650BDD00E40589 /* Debug */,
				5C7C96832B650BDD00E40589 /* Release */,
			);
			defaultConfigurationIsVisible = 0;
			defaultConfigurationName = Release;
		};
		5C7C96872B650BDD00E40589 /* Build configuration list for PBXNativeTarget "ITSUtilsTests" */ = {
			isa = XCConfigurationList;
			buildConfigurations = (
				5C7C96842B650BDD00E40589 /* Debug */,
				5C7C96852B650BDD00E40589 /* Release */,
			);
			defaultConfigurationIsVisible = 0;
			defaultConfigurationName = Release;
		};
/* End XCConfigurationList section */

/* Begin XCRemoteSwiftPackageReference section */
		5C7C96472B646B1100E40589 /* XCRemoteSwiftPackageReference "Moya" */ = {
			isa = XCRemoteSwiftPackageReference;
			repositoryURL = "https://github.com/Moya/Moya.git";
			requirement = {
				kind = upToNextMajorVersion;
				minimumVersion = 15.0.0;
			};
		};
		5C7C964E2B64710400E40589 /* XCRemoteSwiftPackageReference "Reachability" */ = {
			isa = XCRemoteSwiftPackageReference;
			repositoryURL = "https://github.com/ashleymills/Reachability.swift";
			requirement = {
				branch = master;
				kind = branch;
			};
		};
		5C7C965B2B647B4200E40589 /* XCRemoteSwiftPackageReference "Swinject" */ = {
			isa = XCRemoteSwiftPackageReference;
			repositoryURL = "https://github.com/Swinject/Swinject.git";
			requirement = {
				kind = upToNextMajorVersion;
				minimumVersion = 2.8.4;
			};
		};
		5C7C970D2B655AD700E40589 /* XCRemoteSwiftPackageReference "Parchment" */ = {
			isa = XCRemoteSwiftPackageReference;
			repositoryURL = "https://github.com/rechsteiner/Parchment";
			requirement = {
				branch = main;
				kind = branch;
			};
		};
/* End XCRemoteSwiftPackageReference section */

/* Begin XCSwiftPackageProductDependency section */
		5C7C96482B646B1100E40589 /* Moya */ = {
			isa = XCSwiftPackageProductDependency;
			package = 5C7C96472B646B1100E40589 /* XCRemoteSwiftPackageReference "Moya" */;
			productName = Moya;
		};
		5C7C964F2B64710400E40589 /* Reachability */ = {
			isa = XCSwiftPackageProductDependency;
			package = 5C7C964E2B64710400E40589 /* XCRemoteSwiftPackageReference "Reachability" */;
			productName = Reachability;
		};
		5C7C965C2B647B4200E40589 /* Swinject */ = {
			isa = XCSwiftPackageProductDependency;
			package = 5C7C965B2B647B4200E40589 /* XCRemoteSwiftPackageReference "Swinject" */;
			productName = Swinject;
		};
		5C7C970E2B655AD700E40589 /* Parchment */ = {
			isa = XCSwiftPackageProductDependency;
			package = 5C7C970D2B655AD700E40589 /* XCRemoteSwiftPackageReference "Parchment" */;
			productName = Parchment;
		};
/* End XCSwiftPackageProductDependency section */
	};
	rootObject = 5C7C95902B64614500E40589 /* Project object */;
}
